// !$*UTF8*$!
{
	archiveVersion = 1;
	classes = {
	};
	objectVersion = 46;
	objects = {

/* Begin PBXBuildFile section */
		9500192D1A06BBD200834493 /* MTGSavedState.m in Sources */ = {isa = PBXBuildFile; fileRef = 9500192C1A06BBD200834493 /* MTGSavedState.m */; };
		9502E47C1A0F84BC0007EEF3 /* MTGKeyObject.m in Sources */ = {isa = PBXBuildFile; fileRef = 9502E47B1A0F84BC0007EEF3 /* MTGKeyObject.m */; };
		951058A019C59BA7008F5F76 /* MTGLoadTableViewController.m in Sources */ = {isa = PBXBuildFile; fileRef = 9510589F19C59BA7008F5F76 /* MTGLoadTableViewController.m */; };
		95142BDC19C87D1D00CFCD8E /* KeyNote2.pd in Resources */ = {isa = PBXBuildFile; fileRef = 95142BDB19C87D1D00CFCD8E /* KeyNote2.pd */; };
		951942C619F6EFD100F510FE /* MTGSaveTableViewCell.m in Sources */ = {isa = PBXBuildFile; fileRef = 951942C419F6EFD100F510FE /* MTGSaveTableViewCell.m */; };
		951942C719F6EFD100F510FE /* MTGSaveTableViewCell.xib in Resources */ = {isa = PBXBuildFile; fileRef = 951942C519F6EFD100F510FE /* MTGSaveTableViewCell.xib */; };
		953943411A0A652200588979 /* Main.storyboard in Resources */ = {isa = PBXBuildFile; fileRef = 953943401A0A652200588979 /* Main.storyboard */; };
		953943441A0A659100588979 /* arrow-big-03.png in Resources */ = {isa = PBXBuildFile; fileRef = 953943421A0A659100588979 /* arrow-big-03.png */; };
		953943451A0A659100588979 /* arrow-big-04.png in Resources */ = {isa = PBXBuildFile; fileRef = 953943431A0A659100588979 /* arrow-big-04.png */; };
		9540DF0E19DB0C22001C1CC1 /* facebook.png in Resources */ = {isa = PBXBuildFile; fileRef = 9540DF0219DB0C22001C1CC1 /* facebook.png */; };
		9540DF0F19DB0C22001C1CC1 /* menu.png in Resources */ = {isa = PBXBuildFile; fileRef = 9540DF0319DB0C22001C1CC1 /* menu.png */; };
		9540DF1019DB0C22001C1CC1 /* menu@2x.png in Resources */ = {isa = PBXBuildFile; fileRef = 9540DF0419DB0C22001C1CC1 /* menu@2x.png */; };
		9540DF1319DB0C22001C1CC1 /* spanner-7.png in Resources */ = {isa = PBXBuildFile; fileRef = 9540DF0719DB0C22001C1CC1 /* spanner-7.png */; };
		9540DF1419DB0C22001C1CC1 /* star-7.png in Resources */ = {isa = PBXBuildFile; fileRef = 9540DF0819DB0C22001C1CC1 /* star-7.png */; };
		9540DF1519DB0C22001C1CC1 /* test2.pd in Resources */ = {isa = PBXBuildFile; fileRef = 9540DF0919DB0C22001C1CC1 /* test2.pd */; };
		9540DF1619DB0C22001C1CC1 /* tuner.pd in Resources */ = {isa = PBXBuildFile; fileRef = 9540DF0A19DB0C22001C1CC1 /* tuner.pd */; };
		9540DF1719DB0C22001C1CC1 /* X-2.png in Resources */ = {isa = PBXBuildFile; fileRef = 9540DF0B19DB0C22001C1CC1 /* X-2.png */; };
		9540DF1819DB0C22001C1CC1 /* x.png in Resources */ = {isa = PBXBuildFile; fileRef = 9540DF0C19DB0C22001C1CC1 /* x.png */; };
		9540DF1A19DB0CD2001C1CC1 /* AlternateWaveforms1.jpg in Resources */ = {isa = PBXBuildFile; fileRef = 9540DF1919DB0CD2001C1CC1 /* AlternateWaveforms1.jpg */; };
		9540DF1C19DB0D67001C1CC1 /* letsGo.png in Resources */ = {isa = PBXBuildFile; fileRef = 9540DF1B19DB0D67001C1CC1 /* letsGo.png */; };
		954B13DD19C4F912008FE21B /* Foundation.framework in Frameworks */ = {isa = PBXBuildFile; fileRef = 954B13DC19C4F912008FE21B /* Foundation.framework */; };
		954B13DF19C4F912008FE21B /* CoreGraphics.framework in Frameworks */ = {isa = PBXBuildFile; fileRef = 954B13DE19C4F912008FE21B /* CoreGraphics.framework */; };
		954B13E119C4F912008FE21B /* UIKit.framework in Frameworks */ = {isa = PBXBuildFile; fileRef = 954B13E019C4F912008FE21B /* UIKit.framework */; };
		954B13E719C4F912008FE21B /* InfoPlist.strings in Resources */ = {isa = PBXBuildFile; fileRef = 954B13E519C4F912008FE21B /* InfoPlist.strings */; };
		954B13E919C4F912008FE21B /* main.m in Sources */ = {isa = PBXBuildFile; fileRef = 954B13E819C4F912008FE21B /* main.m */; };
		954B13ED19C4F912008FE21B /* MTGAppDelegate.m in Sources */ = {isa = PBXBuildFile; fileRef = 954B13EC19C4F912008FE21B /* MTGAppDelegate.m */; };
		954B13EF19C4F912008FE21B /* Images.xcassets in Resources */ = {isa = PBXBuildFile; fileRef = 954B13EE19C4F912008FE21B /* Images.xcassets */; };
		954B13F619C4F912008FE21B /* XCTest.framework in Frameworks */ = {isa = PBXBuildFile; fileRef = 954B13F519C4F912008FE21B /* XCTest.framework */; };
		954B13F719C4F912008FE21B /* Foundation.framework in Frameworks */ = {isa = PBXBuildFile; fileRef = 954B13DC19C4F912008FE21B /* Foundation.framework */; };
		954B13F819C4F913008FE21B /* UIKit.framework in Frameworks */ = {isa = PBXBuildFile; fileRef = 954B13E019C4F912008FE21B /* UIKit.framework */; };
		954B140019C4F913008FE21B /* InfoPlist.strings in Resources */ = {isa = PBXBuildFile; fileRef = 954B13FE19C4F913008FE21B /* InfoPlist.strings */; };
		954B140219C4F913008FE21B /* Microtonal_Tones_GeneratorTests.m in Sources */ = {isa = PBXBuildFile; fileRef = 954B140119C4F913008FE21B /* Microtonal_Tones_GeneratorTests.m */; };
		954B141619C4FC74008FE21B /* libpd-ios.a in Frameworks */ = {isa = PBXBuildFile; fileRef = 954B141119C4FBE3008FE21B /* libpd-ios.a */; };
		954B141819C4FC78008FE21B /* AVFoundation.framework in Frameworks */ = {isa = PBXBuildFile; fileRef = 954B141719C4FC78008FE21B /* AVFoundation.framework */; };
		954B141A19C4FC7E008FE21B /* AudioToolbox.framework in Frameworks */ = {isa = PBXBuildFile; fileRef = 954B141919C4FC7E008FE21B /* AudioToolbox.framework */; };
		954B141E19C4FCB6008FE21B /* MTGViewController.m in Sources */ = {isa = PBXBuildFile; fileRef = 954B141C19C4FCB6008FE21B /* MTGViewController.m */; };
		954B142F19C59977008FE21B /* MTGSettingsViewController.m in Sources */ = {isa = PBXBuildFile; fileRef = 954B142E19C59977008FE21B /* MTGSettingsViewController.m */; };
		954B143219C59ABE008FE21B /* MTGSidebarTableViewController.m in Sources */ = {isa = PBXBuildFile; fileRef = 954B143119C59ABE008FE21B /* MTGSidebarTableViewController.m */; };
		9552A23F1A0678D600A8B694 /* arrow-big-01.png in Resources */ = {isa = PBXBuildFile; fileRef = 9552A23D1A0678D600A8B694 /* arrow-big-01.png */; };
		9552A2401A0678D600A8B694 /* arrow-big-02.png in Resources */ = {isa = PBXBuildFile; fileRef = 9552A23E1A0678D600A8B694 /* arrow-big-02.png */; };
		955A0B6419F33B3700842D32 /* MTGSavedScale.m in Sources */ = {isa = PBXBuildFile; fileRef = 955A0B6319F33B3700842D32 /* MTGSavedScale.m */; };
		955D69581A3C78B1003AB6EF /* ISColorWheel.m in Sources */ = {isa = PBXBuildFile; fileRef = 955D69521A3C78B1003AB6EF /* ISColorWheel.m */; };
		955D695F1A3C8566003AB6EF /* MTGColourButton.m in Sources */ = {isa = PBXBuildFile; fileRef = 955D695E1A3C8566003AB6EF /* MTGColourButton.m */; };
		955F98C81A01A54100007D9E /* SWRevealViewController.m in Sources */ = {isa = PBXBuildFile; fileRef = 955F98C71A01A54100007D9E /* SWRevealViewController.m */; };
		956C6FAF19CEEA690065F3CE /* MTGColoursViewController.m in Sources */ = {isa = PBXBuildFile; fileRef = 956C6FAD19CEEA690065F3CE /* MTGColoursViewController.m */; };
		956C6FB019CEEA690065F3CE /* MTGColoursViewController.xib in Resources */ = {isa = PBXBuildFile; fileRef = 956C6FAE19CEEA690065F3CE /* MTGColoursViewController.xib */; };
		957347581A125DD70014CDBA /* CoreData.framework in Frameworks */ = {isa = PBXBuildFile; fileRef = 957347571A125DD70014CDBA /* CoreData.framework */; };
		957E295F1A0A63F500D494E7 /* MTGSavedStatesTableViewController.m in Sources */ = {isa = PBXBuildFile; fileRef = 957E295C1A0A63F500D494E7 /* MTGSavedStatesTableViewController.m */; };
		959BBB481A5B355B00C43616 /* 11-Nov-Blog-Hop-NEXT-Button.gif in Resources */ = {isa = PBXBuildFile; fileRef = 959BBB461A5B355B00C43616 /* 11-Nov-Blog-Hop-NEXT-Button.gif */; };
		959BBB491A5B355B00C43616 /* continue_button.png in Resources */ = {isa = PBXBuildFile; fileRef = 959BBB471A5B355B00C43616 /* continue_button.png */; };
		95AAB6C719EB40DB002A53F7 /* whiteCircButton.png in Resources */ = {isa = PBXBuildFile; fileRef = 95AAB6C619EB40DB002A53F7 /* whiteCircButton.png */; };
		95AAB6CA19EB431F002A53F7 /* button2.png in Resources */ = {isa = PBXBuildFile; fileRef = 95AAB6C919EB431F002A53F7 /* button2.png */; };
		95AAB6CC19EB445D002A53F7 /* greyButton.png in Resources */ = {isa = PBXBuildFile; fileRef = 95AAB6CB19EB445D002A53F7 /* greyButton.png */; };
		95AAB6CE19EB4671002A53F7 /* greyButton2.png in Resources */ = {isa = PBXBuildFile; fileRef = 95AAB6CD19EB4671002A53F7 /* greyButton2.png */; };
		95AAB6D019EB4733002A53F7 /* greyButton3.png in Resources */ = {isa = PBXBuildFile; fileRef = 95AAB6CF19EB4733002A53F7 /* greyButton3.png */; };
		95AAB6D219EB4923002A53F7 /* transparent.png in Resources */ = {isa = PBXBuildFile; fileRef = 95AAB6D119EB4923002A53F7 /* transparent.png */; };
		95AAB6D419EB499D002A53F7 /* pattern.jpg in Resources */ = {isa = PBXBuildFile; fileRef = 95AAB6D319EB499D002A53F7 /* pattern.jpg */; };
		95AAB6D619EB4B23002A53F7 /* textures_1.jpg in Resources */ = {isa = PBXBuildFile; fileRef = 95AAB6D519EB4B23002A53F7 /* textures_1.jpg */; };
		95AAB6E519EE8680002A53F7 /* MTGCreateNewViewController.m in Sources */ = {isa = PBXBuildFile; fileRef = 95AAB6E419EE8680002A53F7 /* MTGCreateNewViewController.m */; };
		95AAB6E719EE8C88002A53F7 /* goldenrectangle.jpg in Resources */ = {isa = PBXBuildFile; fileRef = 95AAB6E619EE8C88002A53F7 /* goldenrectangle.jpg */; };
		95AAB6EC19F018AA002A53F7 /* Simply_Beautiful_Button.png in Resources */ = {isa = PBXBuildFile; fileRef = 95AAB6EB19F018AA002A53F7 /* Simply_Beautiful_Button.png */; };
		95AAB6EE19F018AF002A53F7 /* Simply_Beautiful_Flower_Button.png in Resources */ = {isa = PBXBuildFile; fileRef = 95AAB6ED19F018AF002A53F7 /* Simply_Beautiful_Flower_Button.png */; };
		95AAB6F019F018B5002A53F7 /* Simply_Beautiful_Swirly_Button.png in Resources */ = {isa = PBXBuildFile; fileRef = 95AAB6EF19F018B5002A53F7 /* Simply_Beautiful_Swirly_Button.png */; };
		95AAB6F219F018BD002A53F7 /* Swirl_Funky_2.png in Resources */ = {isa = PBXBuildFile; fileRef = 95AAB6F119F018BD002A53F7 /* Swirl_Funky_2.png */; };
		95AAB6F419F018C4002A53F7 /* Swirl_Funky_1_Earthy.png in Resources */ = {isa = PBXBuildFile; fileRef = 95AAB6F319F018C4002A53F7 /* Swirl_Funky_1_Earthy.png */; };
		95B581B819C61009007E9510 /* KeyNote.pd in Resources */ = {isa = PBXBuildFile; fileRef = 95B581B719C61009007E9510 /* KeyNote.pd */; };
		95DD9B3F1A37415A007C6473 /* MTGKeyButton.m in Sources */ = {isa = PBXBuildFile; fileRef = 95DD9B3E1A37415A007C6473 /* MTGKeyButton.m */; };
		95DD9B431A374712007C6473 /* Common.m in Sources */ = {isa = PBXBuildFile; fileRef = 95DD9B421A374712007C6473 /* Common.m */; };
/* End PBXBuildFile section */

/* Begin PBXContainerItemProxy section */
		954B13F919C4F913008FE21B /* PBXContainerItemProxy */ = {
			isa = PBXContainerItemProxy;
			containerPortal = 954B13D119C4F912008FE21B /* Project object */;
			proxyType = 1;
			remoteGlobalIDString = 954B13D819C4F912008FE21B;
			remoteInfo = "Microtonal Tones Generator";
		};
		954B141019C4FBE3008FE21B /* PBXContainerItemProxy */ = {
			isa = PBXContainerItemProxy;
			containerPortal = 954B140B19C4FBE3008FE21B /* libpd.xcodeproj */;
			proxyType = 2;
			remoteGlobalIDString = D2AAC07E0554694100DB518D;
			remoteInfo = "libpd-ios";
		};
		954B141219C4FBE3008FE21B /* PBXContainerItemProxy */ = {
			isa = PBXContainerItemProxy;
			containerPortal = 954B140B19C4FBE3008FE21B /* libpd.xcodeproj */;
			proxyType = 2;
			remoteGlobalIDString = 119013AB1486450C00086F19;
			remoteInfo = "libpd-osx";
		};
		954B141419C4FC6E008FE21B /* PBXContainerItemProxy */ = {
			isa = PBXContainerItemProxy;
			containerPortal = 954B140B19C4FBE3008FE21B /* libpd.xcodeproj */;
			proxyType = 1;
			remoteGlobalIDString = D2AAC07D0554694100DB518D;
			remoteInfo = "libpd-ios";
		};
/* End PBXContainerItemProxy section */

/* Begin PBXFileReference section */
		9500192B1A06BBD200834493 /* MTGSavedState.h */ = {isa = PBXFileReference; fileEncoding = 4; lastKnownFileType = sourcecode.c.h; path = MTGSavedState.h; sourceTree = "<group>"; };
		9500192C1A06BBD200834493 /* MTGSavedState.m */ = {isa = PBXFileReference; fileEncoding = 4; lastKnownFileType = sourcecode.c.objc; path = MTGSavedState.m; sourceTree = "<group>"; };
		9500192F1A06DF0900834493 /* Microtonal Tones Generator.entitlements */ = {isa = PBXFileReference; lastKnownFileType = text.xml; path = "Microtonal Tones Generator.entitlements"; sourceTree = "<group>"; };
		9502E47A1A0F84BC0007EEF3 /* MTGKeyObject.h */ = {isa = PBXFileReference; fileEncoding = 4; lastKnownFileType = sourcecode.c.h; path = MTGKeyObject.h; sourceTree = "<group>"; };
		9502E47B1A0F84BC0007EEF3 /* MTGKeyObject.m */ = {isa = PBXFileReference; fileEncoding = 4; lastKnownFileType = sourcecode.c.objc; path = MTGKeyObject.m; sourceTree = "<group>"; };
		9510589E19C59BA7008F5F76 /* MTGLoadTableViewController.h */ = {isa = PBXFileReference; fileEncoding = 4; lastKnownFileType = sourcecode.c.h; path = MTGLoadTableViewController.h; sourceTree = "<group>"; };
		9510589F19C59BA7008F5F76 /* MTGLoadTableViewController.m */ = {isa = PBXFileReference; fileEncoding = 4; lastKnownFileType = sourcecode.c.objc; path = MTGLoadTableViewController.m; sourceTree = "<group>"; };
		95142BDB19C87D1D00CFCD8E /* KeyNote2.pd */ = {isa = PBXFileReference; fileEncoding = 4; lastKnownFileType = text; path = KeyNote2.pd; sourceTree = "<group>"; };
		951942C319F6EFD100F510FE /* MTGSaveTableViewCell.h */ = {isa = PBXFileReference; fileEncoding = 4; lastKnownFileType = sourcecode.c.h; path = MTGSaveTableViewCell.h; sourceTree = "<group>"; };
		951942C419F6EFD100F510FE /* MTGSaveTableViewCell.m */ = {isa = PBXFileReference; fileEncoding = 4; lastKnownFileType = sourcecode.c.objc; path = MTGSaveTableViewCell.m; sourceTree = "<group>"; };
		951942C519F6EFD100F510FE /* MTGSaveTableViewCell.xib */ = {isa = PBXFileReference; fileEncoding = 4; lastKnownFileType = file.xib; path = MTGSaveTableViewCell.xib; sourceTree = "<group>"; };
		953943401A0A652200588979 /* Main.storyboard */ = {isa = PBXFileReference; fileEncoding = 4; lastKnownFileType = file.storyboard; name = Main.storyboard; path = ../Main.storyboard; sourceTree = "<group>"; };
		953943421A0A659100588979 /* arrow-big-03.png */ = {isa = PBXFileReference; lastKnownFileType = image.png; path = "arrow-big-03.png"; sourceTree = "<group>"; };
		953943431A0A659100588979 /* arrow-big-04.png */ = {isa = PBXFileReference; lastKnownFileType = image.png; path = "arrow-big-04.png"; sourceTree = "<group>"; };
		9540DF0219DB0C22001C1CC1 /* facebook.png */ = {isa = PBXFileReference; lastKnownFileType = image.png; path = facebook.png; sourceTree = "<group>"; };
		9540DF0319DB0C22001C1CC1 /* menu.png */ = {isa = PBXFileReference; lastKnownFileType = image.png; path = menu.png; sourceTree = "<group>"; };
		9540DF0419DB0C22001C1CC1 /* menu@2x.png */ = {isa = PBXFileReference; lastKnownFileType = image.png; path = "menu@2x.png"; sourceTree = "<group>"; };
		9540DF0719DB0C22001C1CC1 /* spanner-7.png */ = {isa = PBXFileReference; lastKnownFileType = image.png; path = "spanner-7.png"; sourceTree = "<group>"; };
		9540DF0819DB0C22001C1CC1 /* star-7.png */ = {isa = PBXFileReference; lastKnownFileType = image.png; path = "star-7.png"; sourceTree = "<group>"; };
		9540DF0919DB0C22001C1CC1 /* test2.pd */ = {isa = PBXFileReference; fileEncoding = 4; lastKnownFileType = text; path = test2.pd; sourceTree = "<group>"; };
		9540DF0A19DB0C22001C1CC1 /* tuner.pd */ = {isa = PBXFileReference; fileEncoding = 4; lastKnownFileType = text; path = tuner.pd; sourceTree = "<group>"; };
		9540DF0B19DB0C22001C1CC1 /* X-2.png */ = {isa = PBXFileReference; lastKnownFileType = image.png; path = "X-2.png"; sourceTree = "<group>"; };
		9540DF0C19DB0C22001C1CC1 /* x.png */ = {isa = PBXFileReference; lastKnownFileType = image.png; path = x.png; sourceTree = "<group>"; };
		9540DF1919DB0CD2001C1CC1 /* AlternateWaveforms1.jpg */ = {isa = PBXFileReference; lastKnownFileType = image.jpeg; path = AlternateWaveforms1.jpg; sourceTree = "<group>"; };
		9540DF1B19DB0D67001C1CC1 /* letsGo.png */ = {isa = PBXFileReference; lastKnownFileType = image.png; path = letsGo.png; sourceTree = "<group>"; };
		954B13D919C4F912008FE21B /* Microtonal.app */ = {isa = PBXFileReference; explicitFileType = wrapper.application; includeInIndex = 0; path = Microtonal.app; sourceTree = BUILT_PRODUCTS_DIR; };
		954B13DC19C4F912008FE21B /* Foundation.framework */ = {isa = PBXFileReference; lastKnownFileType = wrapper.framework; name = Foundation.framework; path = System/Library/Frameworks/Foundation.framework; sourceTree = SDKROOT; };
		954B13DE19C4F912008FE21B /* CoreGraphics.framework */ = {isa = PBXFileReference; lastKnownFileType = wrapper.framework; name = CoreGraphics.framework; path = System/Library/Frameworks/CoreGraphics.framework; sourceTree = SDKROOT; };
		954B13E019C4F912008FE21B /* UIKit.framework */ = {isa = PBXFileReference; lastKnownFileType = wrapper.framework; name = UIKit.framework; path = System/Library/Frameworks/UIKit.framework; sourceTree = SDKROOT; };
		954B13E419C4F912008FE21B /* Microtonal Tones Generator-Info.plist */ = {isa = PBXFileReference; lastKnownFileType = text.plist.xml; path = "Microtonal Tones Generator-Info.plist"; sourceTree = "<group>"; };
		954B13E619C4F912008FE21B /* en */ = {isa = PBXFileReference; lastKnownFileType = text.plist.strings; name = en; path = en.lproj/InfoPlist.strings; sourceTree = "<group>"; };
		954B13E819C4F912008FE21B /* main.m */ = {isa = PBXFileReference; lastKnownFileType = sourcecode.c.objc; path = main.m; sourceTree = "<group>"; };
		954B13EA19C4F912008FE21B /* Microtonal Tones Generator-Prefix.pch */ = {isa = PBXFileReference; lastKnownFileType = sourcecode.c.h; path = "Microtonal Tones Generator-Prefix.pch"; sourceTree = "<group>"; };
		954B13EB19C4F912008FE21B /* MTGAppDelegate.h */ = {isa = PBXFileReference; lastKnownFileType = sourcecode.c.h; path = MTGAppDelegate.h; sourceTree = "<group>"; };
		954B13EC19C4F912008FE21B /* MTGAppDelegate.m */ = {isa = PBXFileReference; lastKnownFileType = sourcecode.c.objc; path = MTGAppDelegate.m; sourceTree = "<group>"; };
		954B13EE19C4F912008FE21B /* Images.xcassets */ = {isa = PBXFileReference; lastKnownFileType = folder.assetcatalog; path = Images.xcassets; sourceTree = "<group>"; };
		954B13F419C4F912008FE21B /* Microtonal Tones GeneratorTests.xctest */ = {isa = PBXFileReference; explicitFileType = wrapper.cfbundle; includeInIndex = 0; path = "Microtonal Tones GeneratorTests.xctest"; sourceTree = BUILT_PRODUCTS_DIR; };
		954B13F519C4F912008FE21B /* XCTest.framework */ = {isa = PBXFileReference; lastKnownFileType = wrapper.framework; name = XCTest.framework; path = Library/Frameworks/XCTest.framework; sourceTree = DEVELOPER_DIR; };
		954B13FD19C4F913008FE21B /* Microtonal Tones GeneratorTests-Info.plist */ = {isa = PBXFileReference; lastKnownFileType = text.plist.xml; path = "Microtonal Tones GeneratorTests-Info.plist"; sourceTree = "<group>"; };
		954B13FF19C4F913008FE21B /* en */ = {isa = PBXFileReference; lastKnownFileType = text.plist.strings; name = en; path = en.lproj/InfoPlist.strings; sourceTree = "<group>"; };
		954B140119C4F913008FE21B /* Microtonal_Tones_GeneratorTests.m */ = {isa = PBXFileReference; lastKnownFileType = sourcecode.c.objc; path = Microtonal_Tones_GeneratorTests.m; sourceTree = "<group>"; };
		954B140B19C4FBE3008FE21B /* libpd.xcodeproj */ = {isa = PBXFileReference; lastKnownFileType = "wrapper.pb-project"; name = libpd.xcodeproj; path = libpd/libpd.xcodeproj; sourceTree = SOURCE_ROOT; };
		954B141719C4FC78008FE21B /* AVFoundation.framework */ = {isa = PBXFileReference; lastKnownFileType = wrapper.framework; name = AVFoundation.framework; path = System/Library/Frameworks/AVFoundation.framework; sourceTree = SDKROOT; };
		954B141919C4FC7E008FE21B /* AudioToolbox.framework */ = {isa = PBXFileReference; lastKnownFileType = wrapper.framework; name = AudioToolbox.framework; path = System/Library/Frameworks/AudioToolbox.framework; sourceTree = SDKROOT; };
		954B141B19C4FCB6008FE21B /* MTGViewController.h */ = {isa = PBXFileReference; fileEncoding = 4; lastKnownFileType = sourcecode.c.h; path = MTGViewController.h; sourceTree = "<group>"; };
		954B141C19C4FCB6008FE21B /* MTGViewController.m */ = {isa = PBXFileReference; fileEncoding = 4; lastKnownFileType = sourcecode.c.objc; path = MTGViewController.m; sourceTree = "<group>"; };
		954B142D19C59977008FE21B /* MTGSettingsViewController.h */ = {isa = PBXFileReference; fileEncoding = 4; lastKnownFileType = sourcecode.c.h; path = MTGSettingsViewController.h; sourceTree = "<group>"; };
		954B142E19C59977008FE21B /* MTGSettingsViewController.m */ = {isa = PBXFileReference; fileEncoding = 4; lastKnownFileType = sourcecode.c.objc; path = MTGSettingsViewController.m; sourceTree = "<group>"; };
		954B143019C59ABE008FE21B /* MTGSidebarTableViewController.h */ = {isa = PBXFileReference; fileEncoding = 4; lastKnownFileType = sourcecode.c.h; path = MTGSidebarTableViewController.h; sourceTree = "<group>"; };
		954B143119C59ABE008FE21B /* MTGSidebarTableViewController.m */ = {isa = PBXFileReference; fileEncoding = 4; lastKnownFileType = sourcecode.c.objc; path = MTGSidebarTableViewController.m; sourceTree = "<group>"; };
		9552A23D1A0678D600A8B694 /* arrow-big-01.png */ = {isa = PBXFileReference; lastKnownFileType = image.png; path = "arrow-big-01.png"; sourceTree = "<group>"; };
		9552A23E1A0678D600A8B694 /* arrow-big-02.png */ = {isa = PBXFileReference; lastKnownFileType = image.png; path = "arrow-big-02.png"; sourceTree = "<group>"; };
		955A0B6219F33B3700842D32 /* MTGSavedScale.h */ = {isa = PBXFileReference; fileEncoding = 4; lastKnownFileType = sourcecode.c.h; path = MTGSavedScale.h; sourceTree = "<group>"; };
		955A0B6319F33B3700842D32 /* MTGSavedScale.m */ = {isa = PBXFileReference; fileEncoding = 4; lastKnownFileType = sourcecode.c.objc; path = MTGSavedScale.m; sourceTree = "<group>"; };
		955D69511A3C78B1003AB6EF /* ISColorWheel.h */ = {isa = PBXFileReference; fileEncoding = 4; lastKnownFileType = sourcecode.c.h; path = ISColorWheel.h; sourceTree = "<group>"; };
		955D69521A3C78B1003AB6EF /* ISColorWheel.m */ = {isa = PBXFileReference; fileEncoding = 4; lastKnownFileType = sourcecode.c.objc; path = ISColorWheel.m; sourceTree = "<group>"; };
		955D695D1A3C8566003AB6EF /* MTGColourButton.h */ = {isa = PBXFileReference; fileEncoding = 4; lastKnownFileType = sourcecode.c.h; path = MTGColourButton.h; sourceTree = "<group>"; };
		955D695E1A3C8566003AB6EF /* MTGColourButton.m */ = {isa = PBXFileReference; fileEncoding = 4; lastKnownFileType = sourcecode.c.objc; path = MTGColourButton.m; sourceTree = "<group>"; };
		955F98C61A01A54100007D9E /* SWRevealViewController.h */ = {isa = PBXFileReference; fileEncoding = 4; lastKnownFileType = sourcecode.c.h; path = SWRevealViewController.h; sourceTree = "<group>"; };
		955F98C71A01A54100007D9E /* SWRevealViewController.m */ = {isa = PBXFileReference; fileEncoding = 4; lastKnownFileType = sourcecode.c.objc; path = SWRevealViewController.m; sourceTree = "<group>"; };
		956C6FAC19CEEA690065F3CE /* MTGColoursViewController.h */ = {isa = PBXFileReference; fileEncoding = 4; lastKnownFileType = sourcecode.c.h; path = MTGColoursViewController.h; sourceTree = "<group>"; };
		956C6FAD19CEEA690065F3CE /* MTGColoursViewController.m */ = {isa = PBXFileReference; fileEncoding = 4; lastKnownFileType = sourcecode.c.objc; path = MTGColoursViewController.m; sourceTree = "<group>"; };
		956C6FAE19CEEA690065F3CE /* MTGColoursViewController.xib */ = {isa = PBXFileReference; fileEncoding = 4; lastKnownFileType = file.xib; path = MTGColoursViewController.xib; sourceTree = "<group>"; };
		957347571A125DD70014CDBA /* CoreData.framework */ = {isa = PBXFileReference; lastKnownFileType = wrapper.framework; name = CoreData.framework; path = System/Library/Frameworks/CoreData.framework; sourceTree = SDKROOT; };
		957E295B1A0A63F500D494E7 /* MTGSavedStatesTableViewController.h */ = {isa = PBXFileReference; fileEncoding = 4; lastKnownFileType = sourcecode.c.h; path = MTGSavedStatesTableViewController.h; sourceTree = "<group>"; };
		957E295C1A0A63F500D494E7 /* MTGSavedStatesTableViewController.m */ = {isa = PBXFileReference; fileEncoding = 4; lastKnownFileType = sourcecode.c.objc; path = MTGSavedStatesTableViewController.m; sourceTree = "<group>"; };
		959BBB461A5B355B00C43616 /* 11-Nov-Blog-Hop-NEXT-Button.gif */ = {isa = PBXFileReference; lastKnownFileType = image.gif; name = "11-Nov-Blog-Hop-NEXT-Button.gif"; path = "Supporting Files/11-Nov-Blog-Hop-NEXT-Button.gif"; sourceTree = "<group>"; };
		959BBB471A5B355B00C43616 /* continue_button.png */ = {isa = PBXFileReference; lastKnownFileType = image.png; name = continue_button.png; path = "Supporting Files/continue_button.png"; sourceTree = "<group>"; };
		959BBB4A1A5B42B600C43616 /* ru */ = {isa = PBXFileReference; lastKnownFileType = text.plist.strings; name = ru; path = ru.lproj/InfoPlist.strings; sourceTree = "<group>"; };
		959BBB4B1A5B42B600C43616 /* ru */ = {isa = PBXFileReference; lastKnownFileType = text.plist.strings; name = ru; path = ru.lproj/InfoPlist.strings; sourceTree = "<group>"; };
		95AAB6C619EB40DB002A53F7 /* whiteCircButton.png */ = {isa = PBXFileReference; lastKnownFileType = image.png; path = whiteCircButton.png; sourceTree = "<group>"; };
		95AAB6C919EB431F002A53F7 /* button2.png */ = {isa = PBXFileReference; lastKnownFileType = image.png; path = button2.png; sourceTree = "<group>"; };
		95AAB6CB19EB445D002A53F7 /* greyButton.png */ = {isa = PBXFileReference; lastKnownFileType = image.png; path = greyButton.png; sourceTree = "<group>"; };
		95AAB6CD19EB4671002A53F7 /* greyButton2.png */ = {isa = PBXFileReference; lastKnownFileType = image.png; path = greyButton2.png; sourceTree = "<group>"; };
		95AAB6CF19EB4733002A53F7 /* greyButton3.png */ = {isa = PBXFileReference; lastKnownFileType = image.png; path = greyButton3.png; sourceTree = "<group>"; };
		95AAB6D119EB4923002A53F7 /* transparent.png */ = {isa = PBXFileReference; lastKnownFileType = image.png; path = transparent.png; sourceTree = "<group>"; };
		95AAB6D319EB499D002A53F7 /* pattern.jpg */ = {isa = PBXFileReference; lastKnownFileType = image.jpeg; path = pattern.jpg; sourceTree = "<group>"; };
		95AAB6D519EB4B23002A53F7 /* textures_1.jpg */ = {isa = PBXFileReference; lastKnownFileType = image.jpeg; path = textures_1.jpg; sourceTree = "<group>"; };
		95AAB6E319EE8680002A53F7 /* MTGCreateNewViewController.h */ = {isa = PBXFileReference; fileEncoding = 4; lastKnownFileType = sourcecode.c.h; path = MTGCreateNewViewController.h; sourceTree = "<group>"; };
		95AAB6E419EE8680002A53F7 /* MTGCreateNewViewController.m */ = {isa = PBXFileReference; fileEncoding = 4; lastKnownFileType = sourcecode.c.objc; path = MTGCreateNewViewController.m; sourceTree = "<group>"; };
		95AAB6E619EE8C88002A53F7 /* goldenrectangle.jpg */ = {isa = PBXFileReference; lastKnownFileType = image.jpeg; path = goldenrectangle.jpg; sourceTree = "<group>"; };
		95AAB6EB19F018AA002A53F7 /* Simply_Beautiful_Button.png */ = {isa = PBXFileReference; lastKnownFileType = image.png; path = Simply_Beautiful_Button.png; sourceTree = "<group>"; };
		95AAB6ED19F018AF002A53F7 /* Simply_Beautiful_Flower_Button.png */ = {isa = PBXFileReference; lastKnownFileType = image.png; path = Simply_Beautiful_Flower_Button.png; sourceTree = "<group>"; };
		95AAB6EF19F018B5002A53F7 /* Simply_Beautiful_Swirly_Button.png */ = {isa = PBXFileReference; lastKnownFileType = image.png; path = Simply_Beautiful_Swirly_Button.png; sourceTree = "<group>"; };
		95AAB6F119F018BD002A53F7 /* Swirl_Funky_2.png */ = {isa = PBXFileReference; lastKnownFileType = image.png; path = Swirl_Funky_2.png; sourceTree = "<group>"; };
		95AAB6F319F018C4002A53F7 /* Swirl_Funky_1_Earthy.png */ = {isa = PBXFileReference; lastKnownFileType = image.png; path = Swirl_Funky_1_Earthy.png; sourceTree = "<group>"; };
		95B581B719C61009007E9510 /* KeyNote.pd */ = {isa = PBXFileReference; fileEncoding = 4; lastKnownFileType = text; path = KeyNote.pd; sourceTree = "<group>"; };
		95DD9B3D1A37415A007C6473 /* MTGKeyButton.h */ = {isa = PBXFileReference; fileEncoding = 4; lastKnownFileType = sourcecode.c.h; path = MTGKeyButton.h; sourceTree = "<group>"; };
		95DD9B3E1A37415A007C6473 /* MTGKeyButton.m */ = {isa = PBXFileReference; fileEncoding = 4; lastKnownFileType = sourcecode.c.objc; path = MTGKeyButton.m; sourceTree = "<group>"; };
		95DD9B411A374712007C6473 /* Common.h */ = {isa = PBXFileReference; fileEncoding = 4; lastKnownFileType = sourcecode.c.h; path = Common.h; sourceTree = "<group>"; };
		95DD9B421A374712007C6473 /* Common.m */ = {isa = PBXFileReference; fileEncoding = 4; lastKnownFileType = sourcecode.c.objc; path = Common.m; sourceTree = "<group>"; };
/* End PBXFileReference section */

/* Begin PBXFrameworksBuildPhase section */
		954B13D619C4F912008FE21B /* Frameworks */ = {
			isa = PBXFrameworksBuildPhase;
			buildActionMask = 2147483647;
			files = (
				957347581A125DD70014CDBA /* CoreData.framework in Frameworks */,
				954B141A19C4FC7E008FE21B /* AudioToolbox.framework in Frameworks */,
				954B141819C4FC78008FE21B /* AVFoundation.framework in Frameworks */,
				954B141619C4FC74008FE21B /* libpd-ios.a in Frameworks */,
				954B13DF19C4F912008FE21B /* CoreGraphics.framework in Frameworks */,
				954B13E119C4F912008FE21B /* UIKit.framework in Frameworks */,
				954B13DD19C4F912008FE21B /* Foundation.framework in Frameworks */,
			);
			runOnlyForDeploymentPostprocessing = 0;
		};
		954B13F119C4F912008FE21B /* Frameworks */ = {
			isa = PBXFrameworksBuildPhase;
			buildActionMask = 2147483647;
			files = (
				954B13F619C4F912008FE21B /* XCTest.framework in Frameworks */,
				954B13F819C4F913008FE21B /* UIKit.framework in Frameworks */,
				954B13F719C4F912008FE21B /* Foundation.framework in Frameworks */,
			);
			runOnlyForDeploymentPostprocessing = 0;
		};
/* End PBXFrameworksBuildPhase section */

/* Begin PBXGroup section */
		951058BF19C5BBC8008F5F76 /* Slidebars */ = {
			isa = PBXGroup;
			children = (
				95AAB6DB19ED5584002A53F7 /* Main Menu */,
				95AAB6DD19ED55AA002A53F7 /* Saved states */,
			);
			name = Slidebars;
			sourceTree = "<group>";
		};
		951058C019C5BDFF008F5F76 /* Main View */ = {
			isa = PBXGroup;
			children = (
				953943401A0A652200588979 /* Main.storyboard */,
				954B141B19C4FCB6008FE21B /* MTGViewController.h */,
				954B141C19C4FCB6008FE21B /* MTGViewController.m */,
				95DD9B3D1A37415A007C6473 /* MTGKeyButton.h */,
				95DD9B3E1A37415A007C6473 /* MTGKeyButton.m */,
				95DD9B401A374712007C6473 /* Common */,
			);
			name = "Main View";
			sourceTree = "<group>";
		};
		9540DF0019DB0C22001C1CC1 /* Supporting Files */ = {
			isa = PBXGroup;
			children = (
				9552A23D1A0678D600A8B694 /* arrow-big-01.png */,
				9552A23E1A0678D600A8B694 /* arrow-big-02.png */,
				953943421A0A659100588979 /* arrow-big-03.png */,
				953943431A0A659100588979 /* arrow-big-04.png */,
				95AAB6EB19F018AA002A53F7 /* Simply_Beautiful_Button.png */,
				95AAB6ED19F018AF002A53F7 /* Simply_Beautiful_Flower_Button.png */,
				95AAB6EF19F018B5002A53F7 /* Simply_Beautiful_Swirly_Button.png */,
				95AAB6F119F018BD002A53F7 /* Swirl_Funky_2.png */,
				95AAB6F319F018C4002A53F7 /* Swirl_Funky_1_Earthy.png */,
				95AAB6E619EE8C88002A53F7 /* goldenrectangle.jpg */,
				95AAB6C619EB40DB002A53F7 /* whiteCircButton.png */,
				9540DF0219DB0C22001C1CC1 /* facebook.png */,
				95AAB6C919EB431F002A53F7 /* button2.png */,
				9540DF0319DB0C22001C1CC1 /* menu.png */,
				9540DF0419DB0C22001C1CC1 /* menu@2x.png */,
				95AAB6CB19EB445D002A53F7 /* greyButton.png */,
				95AAB6D519EB4B23002A53F7 /* textures_1.jpg */,
				95AAB6CD19EB4671002A53F7 /* greyButton2.png */,
				95AAB6CF19EB4733002A53F7 /* greyButton3.png */,
				95AAB6D119EB4923002A53F7 /* transparent.png */,
				95AAB6D319EB499D002A53F7 /* pattern.jpg */,
				9540DF0719DB0C22001C1CC1 /* spanner-7.png */,
				9540DF0819DB0C22001C1CC1 /* star-7.png */,
				9540DF0919DB0C22001C1CC1 /* test2.pd */,
				9540DF0A19DB0C22001C1CC1 /* tuner.pd */,
				9540DF0B19DB0C22001C1CC1 /* X-2.png */,
				9540DF0C19DB0C22001C1CC1 /* x.png */,
				9540DF1919DB0CD2001C1CC1 /* AlternateWaveforms1.jpg */,
				9540DF1B19DB0D67001C1CC1 /* letsGo.png */,
			);
			path = "Supporting Files";
			sourceTree = "<group>";
		};
		954B13D019C4F912008FE21B = {
			isa = PBXGroup;
			children = (
				954B140B19C4FBE3008FE21B /* libpd.xcodeproj */,
				954B13E219C4F912008FE21B /* Microtonal Tones Generator */,
				954B13FB19C4F913008FE21B /* Microtonal Tones GeneratorTests */,
				954B13DB19C4F912008FE21B /* Frameworks */,
				954B13DA19C4F912008FE21B /* Products */,
			);
			sourceTree = "<group>";
		};
		954B13DA19C4F912008FE21B /* Products */ = {
			isa = PBXGroup;
			children = (
				954B13D919C4F912008FE21B /* Microtonal.app */,
				954B13F419C4F912008FE21B /* Microtonal Tones GeneratorTests.xctest */,
			);
			name = Products;
			sourceTree = "<group>";
		};
		954B13DB19C4F912008FE21B /* Frameworks */ = {
			isa = PBXGroup;
			children = (
				957347571A125DD70014CDBA /* CoreData.framework */,
				954B141919C4FC7E008FE21B /* AudioToolbox.framework */,
				954B141719C4FC78008FE21B /* AVFoundation.framework */,
				954B13DC19C4F912008FE21B /* Foundation.framework */,
				954B13DE19C4F912008FE21B /* CoreGraphics.framework */,
				954B13E019C4F912008FE21B /* UIKit.framework */,
				954B13F519C4F912008FE21B /* XCTest.framework */,
			);
			name = Frameworks;
			sourceTree = "<group>";
		};
		954B13E219C4F912008FE21B /* Microtonal Tones Generator */ = {
			isa = PBXGroup;
			children = (
				9500192F1A06DF0900834493 /* Microtonal Tones Generator.entitlements */,
				954B13EB19C4F912008FE21B /* MTGAppDelegate.h */,
				954B13EC19C4F912008FE21B /* MTGAppDelegate.m */,
				957347941A1B880B0014CDBA /* Model and Model Classes */,
				951058C019C5BDFF008F5F76 /* Main View */,
				9552A2421A067D6B00A8B694 /* New Session */,
				956C6FA819CED8AE0065F3CE /* Settings */,
				9552A2411A067D1200A8B694 /* Saved scales */,
				951058BF19C5BBC8008F5F76 /* Slidebars */,
				955F98C51A01A54100007D9E /* SWRevealViewController */,
				954B13E319C4F912008FE21B /* Supporting Files */,
			);
			path = "Microtonal Tones Generator";
			sourceTree = "<group>";
		};
		954B13E319C4F912008FE21B /* Supporting Files */ = {
			isa = PBXGroup;
			children = (
				959BBB461A5B355B00C43616 /* 11-Nov-Blog-Hop-NEXT-Button.gif */,
				959BBB471A5B355B00C43616 /* continue_button.png */,
				9540DF0019DB0C22001C1CC1 /* Supporting Files */,
				95B581B719C61009007E9510 /* KeyNote.pd */,
				95142BDB19C87D1D00CFCD8E /* KeyNote2.pd */,
				954B13E419C4F912008FE21B /* Microtonal Tones Generator-Info.plist */,
				954B13E519C4F912008FE21B /* InfoPlist.strings */,
				954B13E819C4F912008FE21B /* main.m */,
				954B13EA19C4F912008FE21B /* Microtonal Tones Generator-Prefix.pch */,
				954B13EE19C4F912008FE21B /* Images.xcassets */,
			);
			name = "Supporting Files";
			sourceTree = "<group>";
		};
		954B13FB19C4F913008FE21B /* Microtonal Tones GeneratorTests */ = {
			isa = PBXGroup;
			children = (
				954B140119C4F913008FE21B /* Microtonal_Tones_GeneratorTests.m */,
				954B13FC19C4F913008FE21B /* Supporting Files */,
			);
			path = "Microtonal Tones GeneratorTests";
			sourceTree = "<group>";
		};
		954B13FC19C4F913008FE21B /* Supporting Files */ = {
			isa = PBXGroup;
			children = (
				954B13FD19C4F913008FE21B /* Microtonal Tones GeneratorTests-Info.plist */,
				954B13FE19C4F913008FE21B /* InfoPlist.strings */,
			);
			name = "Supporting Files";
			sourceTree = "<group>";
		};
		954B140C19C4FBE3008FE21B /* Products */ = {
			isa = PBXGroup;
			children = (
				954B141119C4FBE3008FE21B /* libpd-ios.a */,
				954B141319C4FBE3008FE21B /* libpd-osx.a */,
			);
			name = Products;
			sourceTree = "<group>";
		};
		9552A2411A067D1200A8B694 /* Saved scales */ = {
			isa = PBXGroup;
			children = (
				9510589E19C59BA7008F5F76 /* MTGLoadTableViewController.h */,
				9510589F19C59BA7008F5F76 /* MTGLoadTableViewController.m */,
				951942C319F6EFD100F510FE /* MTGSaveTableViewCell.h */,
				951942C419F6EFD100F510FE /* MTGSaveTableViewCell.m */,
				951942C519F6EFD100F510FE /* MTGSaveTableViewCell.xib */,
			);
			name = "Saved scales";
			sourceTree = "<group>";
		};
		9552A2421A067D6B00A8B694 /* New Session */ = {
			isa = PBXGroup;
			children = (
				95AAB6E319EE8680002A53F7 /* MTGCreateNewViewController.h */,
				95AAB6E419EE8680002A53F7 /* MTGCreateNewViewController.m */,
			);
			name = "New Session";
			sourceTree = "<group>";
		};
		955D69501A3C78B1003AB6EF /* Source */ = {
			isa = PBXGroup;
			children = (
				955D69511A3C78B1003AB6EF /* ISColorWheel.h */,
				955D69521A3C78B1003AB6EF /* ISColorWheel.m */,
			);
			name = Source;
			path = "ios-color-wheel-release-1.0/ios-color-wheel/Source";
			sourceTree = "<group>";
		};
		955F98C51A01A54100007D9E /* SWRevealViewController */ = {
			isa = PBXGroup;
			children = (
				955F98C61A01A54100007D9E /* SWRevealViewController.h */,
				955F98C71A01A54100007D9E /* SWRevealViewController.m */,
			);
			name = SWRevealViewController;
			path = ../SWRevealViewController;
			sourceTree = "<group>";
		};
		956C6FA819CED8AE0065F3CE /* Settings */ = {
			isa = PBXGroup;
			children = (
				954B142D19C59977008FE21B /* MTGSettingsViewController.h */,
				954B142E19C59977008FE21B /* MTGSettingsViewController.m */,
				95AAB6E819EEA655002A53F7 /* ColourPopup */,
			);
			name = Settings;
			sourceTree = "<group>";
		};
		957347941A1B880B0014CDBA /* Model and Model Classes */ = {
			isa = PBXGroup;
			children = (
				9502E47A1A0F84BC0007EEF3 /* MTGKeyObject.h */,
				9502E47B1A0F84BC0007EEF3 /* MTGKeyObject.m */,
				9500192B1A06BBD200834493 /* MTGSavedState.h */,
				9500192C1A06BBD200834493 /* MTGSavedState.m */,
				955A0B6219F33B3700842D32 /* MTGSavedScale.h */,
				955A0B6319F33B3700842D32 /* MTGSavedScale.m */,
			);
			name = "Model and Model Classes";
			sourceTree = "<group>";
		};
		95AAB6DB19ED5584002A53F7 /* Main Menu */ = {
			isa = PBXGroup;
			children = (
				954B143019C59ABE008FE21B /* MTGSidebarTableViewController.h */,
				954B143119C59ABE008FE21B /* MTGSidebarTableViewController.m */,
			);
			name = "Main Menu";
			sourceTree = "<group>";
		};
		95AAB6DD19ED55AA002A53F7 /* Saved states */ = {
			isa = PBXGroup;
			children = (
				957E295B1A0A63F500D494E7 /* MTGSavedStatesTableViewController.h */,
				957E295C1A0A63F500D494E7 /* MTGSavedStatesTableViewController.m */,
			);
			name = "Saved states";
			sourceTree = "<group>";
		};
		95AAB6E819EEA655002A53F7 /* ColourPopup */ = {
			isa = PBXGroup;
			children = (
				956C6FAC19CEEA690065F3CE /* MTGColoursViewController.h */,
				956C6FAD19CEEA690065F3CE /* MTGColoursViewController.m */,
				956C6FAE19CEEA690065F3CE /* MTGColoursViewController.xib */,
				955D695D1A3C8566003AB6EF /* MTGColourButton.h */,
				955D695E1A3C8566003AB6EF /* MTGColourButton.m */,
				955D69501A3C78B1003AB6EF /* Source */,
			);
			name = ColourPopup;
			sourceTree = "<group>";
		};
		95DD9B401A374712007C6473 /* Common */ = {
			isa = PBXGroup;
			children = (
				95DD9B411A374712007C6473 /* Common.h */,
				95DD9B421A374712007C6473 /* Common.m */,
			);
			path = Common;
			sourceTree = "<group>";
		};
/* End PBXGroup section */

/* Begin PBXNativeTarget section */
		954B13D819C4F912008FE21B /* Microtonal Tones Generator */ = {
			isa = PBXNativeTarget;
			buildConfigurationList = 954B140519C4F913008FE21B /* Build configuration list for PBXNativeTarget "Microtonal Tones Generator" */;
			buildPhases = (
				954B13D519C4F912008FE21B /* Sources */,
				954B13D619C4F912008FE21B /* Frameworks */,
				954B13D719C4F912008FE21B /* Resources */,
			);
			buildRules = (
			);
			dependencies = (
				954B141519C4FC6E008FE21B /* PBXTargetDependency */,
			);
			name = "Microtonal Tones Generator";
			productName = "Microtonal Tones Generator";
			productReference = 954B13D919C4F912008FE21B /* Microtonal.app */;
			productType = "com.apple.product-type.application";
		};
		954B13F319C4F912008FE21B /* Microtonal Tones GeneratorTests */ = {
			isa = PBXNativeTarget;
			buildConfigurationList = 954B140819C4F913008FE21B /* Build configuration list for PBXNativeTarget "Microtonal Tones GeneratorTests" */;
			buildPhases = (
				954B13F019C4F912008FE21B /* Sources */,
				954B13F119C4F912008FE21B /* Frameworks */,
				954B13F219C4F912008FE21B /* Resources */,
			);
			buildRules = (
			);
			dependencies = (
				954B13FA19C4F913008FE21B /* PBXTargetDependency */,
			);
			name = "Microtonal Tones GeneratorTests";
			productName = "Microtonal Tones GeneratorTests";
			productReference = 954B13F419C4F912008FE21B /* Microtonal Tones GeneratorTests.xctest */;
			productType = "com.apple.product-type.bundle.unit-test";
		};
/* End PBXNativeTarget section */

/* Begin PBXProject section */
		954B13D119C4F912008FE21B /* Project object */ = {
			isa = PBXProject;
			attributes = {
				CLASSPREFIX = MTG;
				LastUpgradeCheck = 0510;
				ORGANIZATIONNAME = Anna;
				TargetAttributes = {
					954B13D819C4F912008FE21B = {
						DevelopmentTeam = A9L477E68M;
						SystemCapabilities = {
							com.apple.iCloud = {
								enabled = 1;
							};
						};
					};
					954B13F319C4F912008FE21B = {
						TestTargetID = 954B13D819C4F912008FE21B;
					};
				};
			};
			buildConfigurationList = 954B13D419C4F912008FE21B /* Build configuration list for PBXProject "Microtonal Tones Generator" */;
			compatibilityVersion = "Xcode 3.2";
			developmentRegion = English;
			hasScannedForEncodings = 0;
			knownRegions = (
				en,
				ru,
			);
			mainGroup = 954B13D019C4F912008FE21B;
			productRefGroup = 954B13DA19C4F912008FE21B /* Products */;
			projectDirPath = "";
			projectReferences = (
				{
					ProductGroup = 954B140C19C4FBE3008FE21B /* Products */;
					ProjectRef = 954B140B19C4FBE3008FE21B /* libpd.xcodeproj */;
				},
			);
			projectRoot = "";
			targets = (
				954B13D819C4F912008FE21B /* Microtonal Tones Generator */,
				954B13F319C4F912008FE21B /* Microtonal Tones GeneratorTests */,
			);
		};
/* End PBXProject section */

/* Begin PBXReferenceProxy section */
		954B141119C4FBE3008FE21B /* libpd-ios.a */ = {
			isa = PBXReferenceProxy;
			fileType = archive.ar;
			path = "libpd-ios.a";
			remoteRef = 954B141019C4FBE3008FE21B /* PBXContainerItemProxy */;
			sourceTree = BUILT_PRODUCTS_DIR;
		};
		954B141319C4FBE3008FE21B /* libpd-osx.a */ = {
			isa = PBXReferenceProxy;
			fileType = archive.ar;
			path = "libpd-osx.a";
			remoteRef = 954B141219C4FBE3008FE21B /* PBXContainerItemProxy */;
			sourceTree = BUILT_PRODUCTS_DIR;
		};
/* End PBXReferenceProxy section */

/* Begin PBXResourcesBuildPhase section */
		954B13D719C4F912008FE21B /* Resources */ = {
			isa = PBXResourcesBuildPhase;
			buildActionMask = 2147483647;
			files = (
				95AAB6CA19EB431F002A53F7 /* button2.png in Resources */,
				95AAB6F419F018C4002A53F7 /* Swirl_Funky_1_Earthy.png in Resources */,
				9540DF1419DB0C22001C1CC1 /* star-7.png in Resources */,
				95AAB6D219EB4923002A53F7 /* transparent.png in Resources */,
				959BBB491A5B355B00C43616 /* continue_button.png in Resources */,
				9540DF1C19DB0D67001C1CC1 /* letsGo.png in Resources */,
				953943411A0A652200588979 /* Main.storyboard in Resources */,
				95AAB6EC19F018AA002A53F7 /* Simply_Beautiful_Button.png in Resources */,
				9540DF1A19DB0CD2001C1CC1 /* AlternateWaveforms1.jpg in Resources */,
				95AAB6D019EB4733002A53F7 /* greyButton3.png in Resources */,
				95AAB6F019F018B5002A53F7 /* Simply_Beautiful_Swirly_Button.png in Resources */,
				95142BDC19C87D1D00CFCD8E /* KeyNote2.pd in Resources */,
				95AAB6D619EB4B23002A53F7 /* textures_1.jpg in Resources */,
				956C6FB019CEEA690065F3CE /* MTGColoursViewController.xib in Resources */,
				9540DF1819DB0C22001C1CC1 /* x.png in Resources */,
				951942C719F6EFD100F510FE /* MTGSaveTableViewCell.xib in Resources */,
				9540DF1719DB0C22001C1CC1 /* X-2.png in Resources */,
				9540DF1019DB0C22001C1CC1 /* menu@2x.png in Resources */,
				9540DF1319DB0C22001C1CC1 /* spanner-7.png in Resources */,
				95AAB6F219F018BD002A53F7 /* Swirl_Funky_2.png in Resources */,
				95AAB6CE19EB4671002A53F7 /* greyButton2.png in Resources */,
				9540DF0F19DB0C22001C1CC1 /* menu.png in Resources */,
				95AAB6D419EB499D002A53F7 /* pattern.jpg in Resources */,
				953943451A0A659100588979 /* arrow-big-04.png in Resources */,
				95AAB6C719EB40DB002A53F7 /* whiteCircButton.png in Resources */,
				95B581B819C61009007E9510 /* KeyNote.pd in Resources */,
				95AAB6EE19F018AF002A53F7 /* Simply_Beautiful_Flower_Button.png in Resources */,
				95AAB6CC19EB445D002A53F7 /* greyButton.png in Resources */,
				959BBB481A5B355B00C43616 /* 11-Nov-Blog-Hop-NEXT-Button.gif in Resources */,
				9552A23F1A0678D600A8B694 /* arrow-big-01.png in Resources */,
				9540DF1619DB0C22001C1CC1 /* tuner.pd in Resources */,
				9552A2401A0678D600A8B694 /* arrow-big-02.png in Resources */,
				953943441A0A659100588979 /* arrow-big-03.png in Resources */,
				9540DF1519DB0C22001C1CC1 /* test2.pd in Resources */,
				954B13E719C4F912008FE21B /* InfoPlist.strings in Resources */,
				95AAB6E719EE8C88002A53F7 /* goldenrectangle.jpg in Resources */,
				9540DF0E19DB0C22001C1CC1 /* facebook.png in Resources */,
				954B13EF19C4F912008FE21B /* Images.xcassets in Resources */,
			);
			runOnlyForDeploymentPostprocessing = 0;
		};
		954B13F219C4F912008FE21B /* Resources */ = {
			isa = PBXResourcesBuildPhase;
			buildActionMask = 2147483647;
			files = (
				954B140019C4F913008FE21B /* InfoPlist.strings in Resources */,
			);
			runOnlyForDeploymentPostprocessing = 0;
		};
/* End PBXResourcesBuildPhase section */

/* Begin PBXSourcesBuildPhase section */
		954B13D519C4F912008FE21B /* Sources */ = {
			isa = PBXSourcesBuildPhase;
			buildActionMask = 2147483647;
			files = (
				954B142F19C59977008FE21B /* MTGSettingsViewController.m in Sources */,
				955D69581A3C78B1003AB6EF /* ISColorWheel.m in Sources */,
				954B13E919C4F912008FE21B /* main.m in Sources */,
				954B141E19C4FCB6008FE21B /* MTGViewController.m in Sources */,
				9502E47C1A0F84BC0007EEF3 /* MTGKeyObject.m in Sources */,
				9500192D1A06BBD200834493 /* MTGSavedState.m in Sources */,
				95AAB6E519EE8680002A53F7 /* MTGCreateNewViewController.m in Sources */,
				957E295F1A0A63F500D494E7 /* MTGSavedStatesTableViewController.m in Sources */,
				95DD9B3F1A37415A007C6473 /* MTGKeyButton.m in Sources */,
				956C6FAF19CEEA690065F3CE /* MTGColoursViewController.m in Sources */,
				951942C619F6EFD100F510FE /* MTGSaveTableViewCell.m in Sources */,
				95DD9B431A374712007C6473 /* Common.m in Sources */,
				955D695F1A3C8566003AB6EF /* MTGColourButton.m in Sources */,
				955F98C81A01A54100007D9E /* SWRevealViewController.m in Sources */,
				954B143219C59ABE008FE21B /* MTGSidebarTableViewController.m in Sources */,
				954B13ED19C4F912008FE21B /* MTGAppDelegate.m in Sources */,
				955A0B6419F33B3700842D32 /* MTGSavedScale.m in Sources */,
				951058A019C59BA7008F5F76 /* MTGLoadTableViewController.m in Sources */,
			);
			runOnlyForDeploymentPostprocessing = 0;
		};
		954B13F019C4F912008FE21B /* Sources */ = {
			isa = PBXSourcesBuildPhase;
			buildActionMask = 2147483647;
			files = (
				954B140219C4F913008FE21B /* Microtonal_Tones_GeneratorTests.m in Sources */,
			);
			runOnlyForDeploymentPostprocessing = 0;
		};
/* End PBXSourcesBuildPhase section */

/* Begin PBXTargetDependency section */
		954B13FA19C4F913008FE21B /* PBXTargetDependency */ = {
			isa = PBXTargetDependency;
			target = 954B13D819C4F912008FE21B /* Microtonal Tones Generator */;
			targetProxy = 954B13F919C4F913008FE21B /* PBXContainerItemProxy */;
		};
		954B141519C4FC6E008FE21B /* PBXTargetDependency */ = {
			isa = PBXTargetDependency;
			name = "libpd-ios";
			targetProxy = 954B141419C4FC6E008FE21B /* PBXContainerItemProxy */;
		};
/* End PBXTargetDependency section */

/* Begin PBXVariantGroup section */
		954B13E519C4F912008FE21B /* InfoPlist.strings */ = {
			isa = PBXVariantGroup;
			children = (
				954B13E619C4F912008FE21B /* en */,
				959BBB4A1A5B42B600C43616 /* ru */,
			);
			name = InfoPlist.strings;
			sourceTree = "<group>";
		};
		954B13FE19C4F913008FE21B /* InfoPlist.strings */ = {
			isa = PBXVariantGroup;
			children = (
				954B13FF19C4F913008FE21B /* en */,
				959BBB4B1A5B42B600C43616 /* ru */,
			);
			name = InfoPlist.strings;
			sourceTree = "<group>";
		};
/* End PBXVariantGroup section */

/* Begin XCBuildConfiguration section */
		954B140319C4F913008FE21B /* Debug */ = {
			isa = XCBuildConfiguration;
			buildSettings = {
				ALWAYS_SEARCH_USER_PATHS = NO;
				CLANG_CXX_LANGUAGE_STANDARD = "gnu++0x";
				CLANG_CXX_LIBRARY = "libc++";
				CLANG_ENABLE_MODULES = YES;
				CLANG_ENABLE_OBJC_ARC = YES;
				CLANG_WARN_BOOL_CONVERSION = YES;
				CLANG_WARN_CONSTANT_CONVERSION = YES;
				CLANG_WARN_DIRECT_OBJC_ISA_USAGE = YES_ERROR;
				CLANG_WARN_EMPTY_BODY = YES;
				CLANG_WARN_ENUM_CONVERSION = YES;
				CLANG_WARN_INT_CONVERSION = YES;
				CLANG_WARN_OBJC_ROOT_CLASS = YES_ERROR;
				CLANG_WARN__DUPLICATE_METHOD_MATCH = YES;
				"CODE_SIGN_IDENTITY[sdk=iphoneos*]" = "iPhone Developer";
				COPY_PHASE_STRIP = NO;
				GCC_C_LANGUAGE_STANDARD = gnu99;
				GCC_DYNAMIC_NO_PIC = NO;
				GCC_OPTIMIZATION_LEVEL = 0;
				GCC_PREPROCESSOR_DEFINITIONS = (
					"DEBUG=1",
					"$(inherited)",
				);
				GCC_SYMBOLS_PRIVATE_EXTERN = NO;
				GCC_WARN_64_TO_32_BIT_CONVERSION = YES;
				GCC_WARN_ABOUT_RETURN_TYPE = YES_ERROR;
				GCC_WARN_UNDECLARED_SELECTOR = YES;
				GCC_WARN_UNINITIALIZED_AUTOS = YES_AGGRESSIVE;
				GCC_WARN_UNUSED_FUNCTION = YES;
				GCC_WARN_UNUSED_VARIABLE = YES;
				IPHONEOS_DEPLOYMENT_TARGET = 8.1;
				ONLY_ACTIVE_ARCH = YES;
				SDKROOT = iphoneos;
				TARGETED_DEVICE_FAMILY = 2;
			};
			name = Debug;
		};
		954B140419C4F913008FE21B /* Release */ = {
			isa = XCBuildConfiguration;
			buildSettings = {
				ALWAYS_SEARCH_USER_PATHS = NO;
				CLANG_CXX_LANGUAGE_STANDARD = "gnu++0x";
				CLANG_CXX_LIBRARY = "libc++";
				CLANG_ENABLE_MODULES = YES;
				CLANG_ENABLE_OBJC_ARC = YES;
				CLANG_WARN_BOOL_CONVERSION = YES;
				CLANG_WARN_CONSTANT_CONVERSION = YES;
				CLANG_WARN_DIRECT_OBJC_ISA_USAGE = YES_ERROR;
				CLANG_WARN_EMPTY_BODY = YES;
				CLANG_WARN_ENUM_CONVERSION = YES;
				CLANG_WARN_INT_CONVERSION = YES;
				CLANG_WARN_OBJC_ROOT_CLASS = YES_ERROR;
				CLANG_WARN__DUPLICATE_METHOD_MATCH = YES;
				"CODE_SIGN_IDENTITY[sdk=iphoneos*]" = "iPhone Developer";
				COPY_PHASE_STRIP = YES;
				ENABLE_NS_ASSERTIONS = NO;
				GCC_C_LANGUAGE_STANDARD = gnu99;
				GCC_WARN_64_TO_32_BIT_CONVERSION = YES;
				GCC_WARN_ABOUT_RETURN_TYPE = YES_ERROR;
				GCC_WARN_UNDECLARED_SELECTOR = YES;
				GCC_WARN_UNINITIALIZED_AUTOS = YES_AGGRESSIVE;
				GCC_WARN_UNUSED_FUNCTION = YES;
				GCC_WARN_UNUSED_VARIABLE = YES;
				IPHONEOS_DEPLOYMENT_TARGET = 8.1;
				SDKROOT = iphoneos;
				TARGETED_DEVICE_FAMILY = 2;
				VALIDATE_PRODUCT = YES;
			};
			name = Release;
		};
		954B140619C4F913008FE21B /* Debug */ = {
			isa = XCBuildConfiguration;
			buildSettings = {
				ASSETCATALOG_COMPILER_APPICON_NAME = "AppIcon-1";
				ASSETCATALOG_COMPILER_LAUNCHIMAGE_NAME = LaunchImage;
				CODE_SIGN_ENTITLEMENTS = "Microtonal Tones Generator/Microtonal Tones Generator.entitlements";
				CODE_SIGN_IDENTITY = "iPhone Developer";
				"CODE_SIGN_IDENTITY[sdk=iphoneos*]" = "iPhone Developer";
				GCC_PRECOMPILE_PREFIX_HEADER = YES;
				GCC_PREFIX_HEADER = "Microtonal Tones Generator/Microtonal Tones Generator-Prefix.pch";
				INFOPLIST_FILE = "Microtonal Tones Generator/Microtonal Tones Generator-Info.plist";
				PRODUCT_NAME = Microtonal;
				PROVISIONING_PROFILE = "";
				USER_HEADER_SEARCH_PATHS = "$(SRCROOT)/../../libpd/**";
				WRAPPER_EXTENSION = app;
			};
			name = Debug;
		};
		954B140719C4F913008FE21B /* Release */ = {
			isa = XCBuildConfiguration;
			buildSettings = {
				ASSETCATALOG_COMPILER_APPICON_NAME = "AppIcon-1";
				ASSETCATALOG_COMPILER_LAUNCHIMAGE_NAME = LaunchImage;
				CODE_SIGN_ENTITLEMENTS = "Microtonal Tones Generator/Microtonal Tones Generator.entitlements";
				CODE_SIGN_IDENTITY = "iPhone Developer";
				"CODE_SIGN_IDENTITY[sdk=iphoneos*]" = "iPhone Developer";
				GCC_PRECOMPILE_PREFIX_HEADER = YES;
				GCC_PREFIX_HEADER = "Microtonal Tones Generator/Microtonal Tones Generator-Prefix.pch";
				INFOPLIST_FILE = "Microtonal Tones Generator/Microtonal Tones Generator-Info.plist";
				PRODUCT_NAME = Microtonal;
				PROVISIONING_PROFILE = "";
				USER_HEADER_SEARCH_PATHS = "$(SRCROOT)/../../libpd/**";
				WRAPPER_EXTENSION = app;
			};
			name = Release;
		};
		954B140919C4F913008FE21B /* Debug */ = {
			isa = XCBuildConfiguration;
			buildSettings = {
				BUNDLE_LOADER = "$(BUILT_PRODUCTS_DIR)/Microtonal Tones Generator.app/Microtonal Tones Generator";
				FRAMEWORK_SEARCH_PATHS = (
					"$(SDKROOT)/Developer/Library/Frameworks",
					"$(inherited)",
					"$(DEVELOPER_FRAMEWORKS_DIR)",
				);
				GCC_PRECOMPILE_PREFIX_HEADER = YES;
				GCC_PREFIX_HEADER = "Microtonal Tones Generator/Microtonal Tones Generator-Prefix.pch";
				GCC_PREPROCESSOR_DEFINITIONS = (
					"DEBUG=1",
					"$(inherited)",
				);
				INFOPLIST_FILE = "Microtonal Tones GeneratorTests/Microtonal Tones GeneratorTests-Info.plist";
				PRODUCT_NAME = "$(TARGET_NAME)";
				TEST_HOST = "$(BUNDLE_LOADER)";
				WRAPPER_EXTENSION = xctest;
			};
			name = Debug;
		};
		954B140A19C4F913008FE21B /* Release */ = {
			isa = XCBuildConfiguration;
			buildSettings = {
				BUNDLE_LOADER = "$(BUILT_PRODUCTS_DIR)/Microtonal Tones Generator.app/Microtonal Tones Generator";
				FRAMEWORK_SEARCH_PATHS = (
					"$(SDKROOT)/Developer/Library/Frameworks",
					"$(inherited)",
					"$(DEVELOPER_FRAMEWORKS_DIR)",
				);
				GCC_PRECOMPILE_PREFIX_HEADER = YES;
				GCC_PREFIX_HEADER = "Microtonal Tones Generator/Microtonal Tones Generator-Prefix.pch";
				INFOPLIST_FILE = "Microtonal Tones GeneratorTests/Microtonal Tones GeneratorTests-Info.plist";
				PRODUCT_NAME = "$(TARGET_NAME)";
				TEST_HOST = "$(BUNDLE_LOADER)";
				WRAPPER_EXTENSION = xctest;
			};
			name = Release;
		};
/* End XCBuildConfiguration section */

/* Begin XCConfigurationList section */
		954B13D419C4F912008FE21B /* Build configuration list for PBXProject "Microtonal Tones Generator" */ = {
			isa = XCConfigurationList;
			buildConfigurations = (
				954B140319C4F913008FE21B /* Debug */,
				954B140419C4F913008FE21B /* Release */,
			);
			defaultConfigurationIsVisible = 0;
			defaultConfigurationName = Release;
		};
		954B140519C4F913008FE21B /* Build configuration list for PBXNativeTarget "Microtonal Tones Generator" */ = {
			isa = XCConfigurationList;
			buildConfigurations = (
				954B140619C4F913008FE21B /* Debug */,
				954B140719C4F913008FE21B /* Release */,
			);
			defaultConfigurationIsVisible = 0;
			defaultConfigurationName = Release;
		};
		954B140819C4F913008FE21B /* Build configuration list for PBXNativeTarget "Microtonal Tones GeneratorTests" */ = {
			isa = XCConfigurationList;
			buildConfigurations = (
				954B140919C4F913008FE21B /* Debug */,
				954B140A19C4F913008FE21B /* Release */,
			);
			defaultConfigurationIsVisible = 0;
			defaultConfigurationName = Release;
		};
/* End XCConfigurationList section */
	};
	rootObject = 954B13D119C4F912008FE21B /* Project object */;
}
