// !$*UTF8*$!
{
	archiveVersion = 1;
	classes = {
	};
	objectVersion = 46;
	objects = {

/* Begin PBXBuildFile section */
		951058A019C59BA7008F5F76 /* MTGLoadTableViewController.m in Sources */ = {isa = PBXBuildFile; fileRef = 9510589F19C59BA7008F5F76 /* MTGLoadTableViewController.m */; };
		951058A419C59D74008F5F76 /* menu.png in Resources */ = {isa = PBXBuildFile; fileRef = 951058A219C59D74008F5F76 /* menu.png */; };
		951058A519C59D74008F5F76 /* menu@2x.png in Resources */ = {isa = PBXBuildFile; fileRef = 951058A319C59D74008F5F76 /* menu@2x.png */; };
		951058A719C5A200008F5F76 /* nav_bg.png in Resources */ = {isa = PBXBuildFile; fileRef = 951058A619C5A200008F5F76 /* nav_bg.png */; };
		951058BB19C5A9CB008F5F76 /* SWRevealViewController.m in Sources */ = {isa = PBXBuildFile; fileRef = 951058BA19C5A9CB008F5F76 /* SWRevealViewController.m */; };
		951058BE19C5AA93008F5F76 /* MTGSavedStatesTableViewController.m in Sources */ = {isa = PBXBuildFile; fileRef = 951058BD19C5AA93008F5F76 /* MTGSavedStatesTableViewController.m */; };
		951058C319C5C641008F5F76 /* MTGNoteKey.m in Sources */ = {isa = PBXBuildFile; fileRef = 951058C219C5C641008F5F76 /* MTGNoteKey.m */; };
		95142BDC19C87D1D00CFCD8E /* KeyNote2.pd in Resources */ = {isa = PBXBuildFile; fileRef = 95142BDB19C87D1D00CFCD8E /* KeyNote2.pd */; };
		954B13DD19C4F912008FE21B /* Foundation.framework in Frameworks */ = {isa = PBXBuildFile; fileRef = 954B13DC19C4F912008FE21B /* Foundation.framework */; };
		954B13DF19C4F912008FE21B /* CoreGraphics.framework in Frameworks */ = {isa = PBXBuildFile; fileRef = 954B13DE19C4F912008FE21B /* CoreGraphics.framework */; };
		954B13E119C4F912008FE21B /* UIKit.framework in Frameworks */ = {isa = PBXBuildFile; fileRef = 954B13E019C4F912008FE21B /* UIKit.framework */; };
		954B13E719C4F912008FE21B /* InfoPlist.strings in Resources */ = {isa = PBXBuildFile; fileRef = 954B13E519C4F912008FE21B /* InfoPlist.strings */; };
		954B13E919C4F912008FE21B /* main.m in Sources */ = {isa = PBXBuildFile; fileRef = 954B13E819C4F912008FE21B /* main.m */; };
		954B13ED19C4F912008FE21B /* MTGAppDelegate.m in Sources */ = {isa = PBXBuildFile; fileRef = 954B13EC19C4F912008FE21B /* MTGAppDelegate.m */; };
		954B13EF19C4F912008FE21B /* Images.xcassets in Resources */ = {isa = PBXBuildFile; fileRef = 954B13EE19C4F912008FE21B /* Images.xcassets */; };
		954B13F619C4F912008FE21B /* XCTest.framework in Frameworks */ = {isa = PBXBuildFile; fileRef = 954B13F519C4F912008FE21B /* XCTest.framework */; };
		954B13F719C4F912008FE21B /* Foundation.framework in Frameworks */ = {isa = PBXBuildFile; fileRef = 954B13DC19C4F912008FE21B /* Foundation.framework */; };
		954B13F819C4F913008FE21B /* UIKit.framework in Frameworks */ = {isa = PBXBuildFile; fileRef = 954B13E019C4F912008FE21B /* UIKit.framework */; };
		954B140019C4F913008FE21B /* InfoPlist.strings in Resources */ = {isa = PBXBuildFile; fileRef = 954B13FE19C4F913008FE21B /* InfoPlist.strings */; };
		954B140219C4F913008FE21B /* Microtonal_Tones_GeneratorTests.m in Sources */ = {isa = PBXBuildFile; fileRef = 954B140119C4F913008FE21B /* Microtonal_Tones_GeneratorTests.m */; };
		954B141619C4FC74008FE21B /* libpd-ios.a in Frameworks */ = {isa = PBXBuildFile; fileRef = 954B141119C4FBE3008FE21B /* libpd-ios.a */; };
		954B141819C4FC78008FE21B /* AVFoundation.framework in Frameworks */ = {isa = PBXBuildFile; fileRef = 954B141719C4FC78008FE21B /* AVFoundation.framework */; };
		954B141A19C4FC7E008FE21B /* AudioToolbox.framework in Frameworks */ = {isa = PBXBuildFile; fileRef = 954B141919C4FC7E008FE21B /* AudioToolbox.framework */; };
		954B141E19C4FCB6008FE21B /* MTGViewController.m in Sources */ = {isa = PBXBuildFile; fileRef = 954B141C19C4FCB6008FE21B /* MTGViewController.m */; };
		954B142419C4FF9B008FE21B /* tuner.pd in Resources */ = {isa = PBXBuildFile; fileRef = 954B142319C4FF9B008FE21B /* tuner.pd */; };
		954B142619C59786008FE21B /* Main.storyboard in Resources */ = {isa = PBXBuildFile; fileRef = 954B142519C59786008FE21B /* Main.storyboard */; };
		954B142F19C59977008FE21B /* MTGSettingsViewController.m in Sources */ = {isa = PBXBuildFile; fileRef = 954B142E19C59977008FE21B /* MTGSettingsViewController.m */; };
		954B143219C59ABE008FE21B /* MTGSidebarTableViewController.m in Sources */ = {isa = PBXBuildFile; fileRef = 954B143119C59ABE008FE21B /* MTGSidebarTableViewController.m */; };
		95B581B819C61009007E9510 /* KeyNote.pd in Resources */ = {isa = PBXBuildFile; fileRef = 95B581B719C61009007E9510 /* KeyNote.pd */; };
/* End PBXBuildFile section */

/* Begin PBXContainerItemProxy section */
		954B13F919C4F913008FE21B /* PBXContainerItemProxy */ = {
			isa = PBXContainerItemProxy;
			containerPortal = 954B13D119C4F912008FE21B /* Project object */;
			proxyType = 1;
			remoteGlobalIDString = 954B13D819C4F912008FE21B;
			remoteInfo = "Microtonal Tones Generator";
		};
		954B141019C4FBE3008FE21B /* PBXContainerItemProxy */ = {
			isa = PBXContainerItemProxy;
			containerPortal = 954B140B19C4FBE3008FE21B /* libpd.xcodeproj */;
			proxyType = 2;
			remoteGlobalIDString = D2AAC07E0554694100DB518D;
			remoteInfo = "libpd-ios";
		};
		954B141219C4FBE3008FE21B /* PBXContainerItemProxy */ = {
			isa = PBXContainerItemProxy;
			containerPortal = 954B140B19C4FBE3008FE21B /* libpd.xcodeproj */;
			proxyType = 2;
			remoteGlobalIDString = 119013AB1486450C00086F19;
			remoteInfo = "libpd-osx";
		};
		954B141419C4FC6E008FE21B /* PBXContainerItemProxy */ = {
			isa = PBXContainerItemProxy;
			containerPortal = 954B140B19C4FBE3008FE21B /* libpd.xcodeproj */;
			proxyType = 1;
			remoteGlobalIDString = D2AAC07D0554694100DB518D;
			remoteInfo = "libpd-ios";
		};
/* End PBXContainerItemProxy section */

/* Begin PBXFileReference section */
		9510589E19C59BA7008F5F76 /* MTGLoadTableViewController.h */ = {isa = PBXFileReference; fileEncoding = 4; lastKnownFileType = sourcecode.c.h; path = MTGLoadTableViewController.h; sourceTree = "<group>"; };
		9510589F19C59BA7008F5F76 /* MTGLoadTableViewController.m */ = {isa = PBXFileReference; fileEncoding = 4; lastKnownFileType = sourcecode.c.objc; path = MTGLoadTableViewController.m; sourceTree = "<group>"; };
		951058A219C59D74008F5F76 /* menu.png */ = {isa = PBXFileReference; lastKnownFileType = image.png; path = menu.png; sourceTree = "<group>"; };
		951058A319C59D74008F5F76 /* menu@2x.png */ = {isa = PBXFileReference; lastKnownFileType = image.png; path = "menu@2x.png"; sourceTree = "<group>"; };
		951058A619C5A200008F5F76 /* nav_bg.png */ = {isa = PBXFileReference; lastKnownFileType = image.png; path = nav_bg.png; sourceTree = "<group>"; };
		951058B919C5A9CB008F5F76 /* SWRevealViewController.h */ = {isa = PBXFileReference; fileEncoding = 4; lastKnownFileType = sourcecode.c.h; path = SWRevealViewController.h; sourceTree = "<group>"; };
		951058BA19C5A9CB008F5F76 /* SWRevealViewController.m */ = {isa = PBXFileReference; fileEncoding = 4; lastKnownFileType = sourcecode.c.objc; path = SWRevealViewController.m; sourceTree = "<group>"; };
		951058BC19C5AA93008F5F76 /* MTGSavedStatesTableViewController.h */ = {isa = PBXFileReference; fileEncoding = 4; lastKnownFileType = sourcecode.c.h; name = MTGSavedStatesTableViewController.h; path = ../MTGSavedStatesTableViewController.h; sourceTree = "<group>"; };
		951058BD19C5AA93008F5F76 /* MTGSavedStatesTableViewController.m */ = {isa = PBXFileReference; fileEncoding = 4; lastKnownFileType = sourcecode.c.objc; name = MTGSavedStatesTableViewController.m; path = ../MTGSavedStatesTableViewController.m; sourceTree = "<group>"; };
		951058C119C5C641008F5F76 /* MTGNoteKey.h */ = {isa = PBXFileReference; fileEncoding = 4; lastKnownFileType = sourcecode.c.h; path = MTGNoteKey.h; sourceTree = "<group>"; };
		951058C219C5C641008F5F76 /* MTGNoteKey.m */ = {isa = PBXFileReference; fileEncoding = 4; lastKnownFileType = sourcecode.c.objc; path = MTGNoteKey.m; sourceTree = "<group>"; };
		95142BDB19C87D1D00CFCD8E /* KeyNote2.pd */ = {isa = PBXFileReference; fileEncoding = 4; lastKnownFileType = text; path = KeyNote2.pd; sourceTree = "<group>"; };
		954B13D919C4F912008FE21B /* Microtonal Tones Generator.app */ = {isa = PBXFileReference; explicitFileType = wrapper.application; includeInIndex = 0; path = "Microtonal Tones Generator.app"; sourceTree = BUILT_PRODUCTS_DIR; };
		954B13DC19C4F912008FE21B /* Foundation.framework */ = {isa = PBXFileReference; lastKnownFileType = wrapper.framework; name = Foundation.framework; path = System/Library/Frameworks/Foundation.framework; sourceTree = SDKROOT; };
		954B13DE19C4F912008FE21B /* CoreGraphics.framework */ = {isa = PBXFileReference; lastKnownFileType = wrapper.framework; name = CoreGraphics.framework; path = System/Library/Frameworks/CoreGraphics.framework; sourceTree = SDKROOT; };
		954B13E019C4F912008FE21B /* UIKit.framework */ = {isa = PBXFileReference; lastKnownFileType = wrapper.framework; name = UIKit.framework; path = System/Library/Frameworks/UIKit.framework; sourceTree = SDKROOT; };
		954B13E419C4F912008FE21B /* Microtonal Tones Generator-Info.plist */ = {isa = PBXFileReference; lastKnownFileType = text.plist.xml; path = "Microtonal Tones Generator-Info.plist"; sourceTree = "<group>"; };
		954B13E619C4F912008FE21B /* en */ = {isa = PBXFileReference; lastKnownFileType = text.plist.strings; name = en; path = en.lproj/InfoPlist.strings; sourceTree = "<group>"; };
		954B13E819C4F912008FE21B /* main.m */ = {isa = PBXFileReference; lastKnownFileType = sourcecode.c.objc; path = main.m; sourceTree = "<group>"; };
		954B13EA19C4F912008FE21B /* Microtonal Tones Generator-Prefix.pch */ = {isa = PBXFileReference; lastKnownFileType = sourcecode.c.h; path = "Microtonal Tones Generator-Prefix.pch"; sourceTree = "<group>"; };
		954B13EB19C4F912008FE21B /* MTGAppDelegate.h */ = {isa = PBXFileReference; lastKnownFileType = sourcecode.c.h; path = MTGAppDelegate.h; sourceTree = "<group>"; };
		954B13EC19C4F912008FE21B /* MTGAppDelegate.m */ = {isa = PBXFileReference; lastKnownFileType = sourcecode.c.objc; path = MTGAppDelegate.m; sourceTree = "<group>"; };
		954B13EE19C4F912008FE21B /* Images.xcassets */ = {isa = PBXFileReference; lastKnownFileType = folder.assetcatalog; path = Images.xcassets; sourceTree = "<group>"; };
		954B13F419C4F912008FE21B /* Microtonal Tones GeneratorTests.xctest */ = {isa = PBXFileReference; explicitFileType = wrapper.cfbundle; includeInIndex = 0; path = "Microtonal Tones GeneratorTests.xctest"; sourceTree = BUILT_PRODUCTS_DIR; };
		954B13F519C4F912008FE21B /* XCTest.framework */ = {isa = PBXFileReference; lastKnownFileType = wrapper.framework; name = XCTest.framework; path = Library/Frameworks/XCTest.framework; sourceTree = DEVELOPER_DIR; };
		954B13FD19C4F913008FE21B /* Microtonal Tones GeneratorTests-Info.plist */ = {isa = PBXFileReference; lastKnownFileType = text.plist.xml; path = "Microtonal Tones GeneratorTests-Info.plist"; sourceTree = "<group>"; };
		954B13FF19C4F913008FE21B /* en */ = {isa = PBXFileReference; lastKnownFileType = text.plist.strings; name = en; path = en.lproj/InfoPlist.strings; sourceTree = "<group>"; };
		954B140119C4F913008FE21B /* Microtonal_Tones_GeneratorTests.m */ = {isa = PBXFileReference; lastKnownFileType = sourcecode.c.objc; path = Microtonal_Tones_GeneratorTests.m; sourceTree = "<group>"; };
		954B140B19C4FBE3008FE21B /* libpd.xcodeproj */ = {isa = PBXFileReference; lastKnownFileType = "wrapper.pb-project"; name = libpd.xcodeproj; path = libpd/libpd.xcodeproj; sourceTree = SOURCE_ROOT; };
		954B141719C4FC78008FE21B /* AVFoundation.framework */ = {isa = PBXFileReference; lastKnownFileType = wrapper.framework; name = AVFoundation.framework; path = System/Library/Frameworks/AVFoundation.framework; sourceTree = SDKROOT; };
		954B141919C4FC7E008FE21B /* AudioToolbox.framework */ = {isa = PBXFileReference; lastKnownFileType = wrapper.framework; name = AudioToolbox.framework; path = System/Library/Frameworks/AudioToolbox.framework; sourceTree = SDKROOT; };
		954B141B19C4FCB6008FE21B /* MTGViewController.h */ = {isa = PBXFileReference; fileEncoding = 4; lastKnownFileType = sourcecode.c.h; path = MTGViewController.h; sourceTree = "<group>"; };
		954B141C19C4FCB6008FE21B /* MTGViewController.m */ = {isa = PBXFileReference; fileEncoding = 4; lastKnownFileType = sourcecode.c.objc; path = MTGViewController.m; sourceTree = "<group>"; };
		954B142319C4FF9B008FE21B /* tuner.pd */ = {isa = PBXFileReference; fileEncoding = 4; lastKnownFileType = text; path = tuner.pd; sourceTree = "<group>"; };
		954B142519C59786008FE21B /* Main.storyboard */ = {isa = PBXFileReference; fileEncoding = 4; lastKnownFileType = file.storyboard; path = Main.storyboard; sourceTree = "<group>"; };
		954B142D19C59977008FE21B /* MTGSettingsViewController.h */ = {isa = PBXFileReference; fileEncoding = 4; lastKnownFileType = sourcecode.c.h; path = MTGSettingsViewController.h; sourceTree = "<group>"; };
		954B142E19C59977008FE21B /* MTGSettingsViewController.m */ = {isa = PBXFileReference; fileEncoding = 4; lastKnownFileType = sourcecode.c.objc; path = MTGSettingsViewController.m; sourceTree = "<group>"; };
		954B143019C59ABE008FE21B /* MTGSidebarTableViewController.h */ = {isa = PBXFileReference; fileEncoding = 4; lastKnownFileType = sourcecode.c.h; path = MTGSidebarTableViewController.h; sourceTree = "<group>"; };
		954B143119C59ABE008FE21B /* MTGSidebarTableViewController.m */ = {isa = PBXFileReference; fileEncoding = 4; lastKnownFileType = sourcecode.c.objc; path = MTGSidebarTableViewController.m; sourceTree = "<group>"; };
		95B581B719C61009007E9510 /* KeyNote.pd */ = {isa = PBXFileReference; fileEncoding = 4; lastKnownFileType = text; path = KeyNote.pd; sourceTree = "<group>"; };
/* End PBXFileReference section */

/* Begin PBXFrameworksBuildPhase section */
		954B13D619C4F912008FE21B /* Frameworks */ = {
			isa = PBXFrameworksBuildPhase;
			buildActionMask = 2147483647;
			files = (
				954B141A19C4FC7E008FE21B /* AudioToolbox.framework in Frameworks */,
				954B141819C4FC78008FE21B /* AVFoundation.framework in Frameworks */,
				954B141619C4FC74008FE21B /* libpd-ios.a in Frameworks */,
				954B13DF19C4F912008FE21B /* CoreGraphics.framework in Frameworks */,
				954B13E119C4F912008FE21B /* UIKit.framework in Frameworks */,
				954B13DD19C4F912008FE21B /* Foundation.framework in Frameworks */,
			);
			runOnlyForDeploymentPostprocessing = 0;
		};
		954B13F119C4F912008FE21B /* Frameworks */ = {
			isa = PBXFrameworksBuildPhase;
			buildActionMask = 2147483647;
			files = (
				954B13F619C4F912008FE21B /* XCTest.framework in Frameworks */,
				954B13F819C4F913008FE21B /* UIKit.framework in Frameworks */,
				954B13F719C4F912008FE21B /* Foundation.framework in Frameworks */,
			);
			runOnlyForDeploymentPostprocessing = 0;
		};
/* End PBXFrameworksBuildPhase section */

/* Begin PBXGroup section */
		951058B819C5A9CB008F5F76 /* SWRevealViewController */ = {
			isa = PBXGroup;
			children = (
				951058B919C5A9CB008F5F76 /* SWRevealViewController.h */,
				951058BA19C5A9CB008F5F76 /* SWRevealViewController.m */,
			);
			name = SWRevealViewController;
			path = ../SWRevealViewController;
			sourceTree = "<group>";
		};
		951058BF19C5BBC8008F5F76 /* Slidebars */ = {
			isa = PBXGroup;
			children = (
				954B143019C59ABE008FE21B /* MTGSidebarTableViewController.h */,
				954B143119C59ABE008FE21B /* MTGSidebarTableViewController.m */,
				951058BC19C5AA93008F5F76 /* MTGSavedStatesTableViewController.h */,
				951058BD19C5AA93008F5F76 /* MTGSavedStatesTableViewController.m */,
			);
			name = Slidebars;
			sourceTree = "<group>";
		};
		951058C019C5BDFF008F5F76 /* Main View */ = {
			isa = PBXGroup;
			children = (
				954B141B19C4FCB6008FE21B /* MTGViewController.h */,
				954B141C19C4FCB6008FE21B /* MTGViewController.m */,
			);
			name = "Main View";
			sourceTree = "<group>";
		};
		951058C419C5C648008F5F76 /* Note Keys Configuration */ = {
			isa = PBXGroup;
			children = (
				951058C119C5C641008F5F76 /* MTGNoteKey.h */,
				951058C219C5C641008F5F76 /* MTGNoteKey.m */,
			);
			name = "Note Keys Configuration";
			sourceTree = "<group>";
		};
		954B13D019C4F912008FE21B = {
			isa = PBXGroup;
			children = (
				954B140B19C4FBE3008FE21B /* libpd.xcodeproj */,
				954B13E219C4F912008FE21B /* Microtonal Tones Generator */,
				954B13FB19C4F913008FE21B /* Microtonal Tones GeneratorTests */,
				954B13DB19C4F912008FE21B /* Frameworks */,
				954B13DA19C4F912008FE21B /* Products */,
			);
			sourceTree = "<group>";
		};
		954B13DA19C4F912008FE21B /* Products */ = {
			isa = PBXGroup;
			children = (
				954B13D919C4F912008FE21B /* Microtonal Tones Generator.app */,
				954B13F419C4F912008FE21B /* Microtonal Tones GeneratorTests.xctest */,
			);
			name = Products;
			sourceTree = "<group>";
		};
		954B13DB19C4F912008FE21B /* Frameworks */ = {
			isa = PBXGroup;
			children = (
				954B141919C4FC7E008FE21B /* AudioToolbox.framework */,
				954B141719C4FC78008FE21B /* AVFoundation.framework */,
				954B13DC19C4F912008FE21B /* Foundation.framework */,
				954B13DE19C4F912008FE21B /* CoreGraphics.framework */,
				954B13E019C4F912008FE21B /* UIKit.framework */,
				954B13F519C4F912008FE21B /* XCTest.framework */,
			);
			name = Frameworks;
			sourceTree = "<group>";
		};
		954B13E219C4F912008FE21B /* Microtonal Tones Generator */ = {
			isa = PBXGroup;
			children = (
				954B13EB19C4F912008FE21B /* MTGAppDelegate.h */,
				954B13EC19C4F912008FE21B /* MTGAppDelegate.m */,
				951058C019C5BDFF008F5F76 /* Main View */,
				954B142519C59786008FE21B /* Main.storyboard */,
				951058C419C5C648008F5F76 /* Note Keys Configuration */,
				954B142D19C59977008FE21B /* MTGSettingsViewController.h */,
				954B142E19C59977008FE21B /* MTGSettingsViewController.m */,
				9510589E19C59BA7008F5F76 /* MTGLoadTableViewController.h */,
				9510589F19C59BA7008F5F76 /* MTGLoadTableViewController.m */,
				951058BF19C5BBC8008F5F76 /* Slidebars */,
				954B13EE19C4F912008FE21B /* Images.xcassets */,
				954B13E319C4F912008FE21B /* Supporting Files */,
			);
			path = "Microtonal Tones Generator";
			sourceTree = "<group>";
		};
		954B13E319C4F912008FE21B /* Supporting Files */ = {
			isa = PBXGroup;
			children = (
				951058B819C5A9CB008F5F76 /* SWRevealViewController */,
				951058A219C59D74008F5F76 /* menu.png */,
				951058A319C59D74008F5F76 /* menu@2x.png */,
				951058A619C5A200008F5F76 /* nav_bg.png */,
				954B142319C4FF9B008FE21B /* tuner.pd */,
				95B581B719C61009007E9510 /* KeyNote.pd */,
				95142BDB19C87D1D00CFCD8E /* KeyNote2.pd */,
				954B13E419C4F912008FE21B /* Microtonal Tones Generator-Info.plist */,
				954B13E519C4F912008FE21B /* InfoPlist.strings */,
				954B13E819C4F912008FE21B /* main.m */,
				954B13EA19C4F912008FE21B /* Microtonal Tones Generator-Prefix.pch */,
			);
			name = "Supporting Files";
			sourceTree = "<group>";
		};
		954B13FB19C4F913008FE21B /* Microtonal Tones GeneratorTests */ = {
			isa = PBXGroup;
			children = (
				954B140119C4F913008FE21B /* Microtonal_Tones_GeneratorTests.m */,
				954B13FC19C4F913008FE21B /* Supporting Files */,
			);
			path = "Microtonal Tones GeneratorTests";
			sourceTree = "<group>";
		};
		954B13FC19C4F913008FE21B /* Supporting Files */ = {
			isa = PBXGroup;
			children = (
				954B13FD19C4F913008FE21B /* Microtonal Tones GeneratorTests-Info.plist */,
				954B13FE19C4F913008FE21B /* InfoPlist.strings */,
			);
			name = "Supporting Files";
			sourceTree = "<group>";
		};
		954B140C19C4FBE3008FE21B /* Products */ = {
			isa = PBXGroup;
			children = (
				954B141119C4FBE3008FE21B /* libpd-ios.a */,
				954B141319C4FBE3008FE21B /* libpd-osx.a */,
			);
			name = Products;
			sourceTree = "<group>";
		};
/* End PBXGroup section */

/* Begin PBXNativeTarget section */
		954B13D819C4F912008FE21B /* Microtonal Tones Generator */ = {
			isa = PBXNativeTarget;
			buildConfigurationList = 954B140519C4F913008FE21B /* Build configuration list for PBXNativeTarget "Microtonal Tones Generator" */;
			buildPhases = (
				954B13D519C4F912008FE21B /* Sources */,
				954B13D619C4F912008FE21B /* Frameworks */,
				954B13D719C4F912008FE21B /* Resources */,
			);
			buildRules = (
			);
			dependencies = (
				954B141519C4FC6E008FE21B /* PBXTargetDependency */,
			);
			name = "Microtonal Tones Generator";
			productName = "Microtonal Tones Generator";
			productReference = 954B13D919C4F912008FE21B /* Microtonal Tones Generator.app */;
			productType = "com.apple.product-type.application";
		};
		954B13F319C4F912008FE21B /* Microtonal Tones GeneratorTests */ = {
			isa = PBXNativeTarget;
			buildConfigurationList = 954B140819C4F913008FE21B /* Build configuration list for PBXNativeTarget "Microtonal Tones GeneratorTests" */;
			buildPhases = (
				954B13F019C4F912008FE21B /* Sources */,
				954B13F119C4F912008FE21B /* Frameworks */,
				954B13F219C4F912008FE21B /* Resources */,
			);
			buildRules = (
			);
			dependencies = (
				954B13FA19C4F913008FE21B /* PBXTargetDependency */,
			);
			name = "Microtonal Tones GeneratorTests";
			productName = "Microtonal Tones GeneratorTests";
			productReference = 954B13F419C4F912008FE21B /* Microtonal Tones GeneratorTests.xctest */;
			productType = "com.apple.product-type.bundle.unit-test";
		};
/* End PBXNativeTarget section */

/* Begin PBXProject section */
		954B13D119C4F912008FE21B /* Project object */ = {
			isa = PBXProject;
			attributes = {
				CLASSPREFIX = MTG;
				LastUpgradeCheck = 0510;
				ORGANIZATIONNAME = Anna;
				TargetAttributes = {
					954B13F319C4F912008FE21B = {
						TestTargetID = 954B13D819C4F912008FE21B;
					};
				};
			};
			buildConfigurationList = 954B13D419C4F912008FE21B /* Build configuration list for PBXProject "Microtonal Tones Generator" */;
			compatibilityVersion = "Xcode 3.2";
			developmentRegion = English;
			hasScannedForEncodings = 0;
			knownRegions = (
				en,
			);
			mainGroup = 954B13D019C4F912008FE21B;
			productRefGroup = 954B13DA19C4F912008FE21B /* Products */;
			projectDirPath = "";
			projectReferences = (
				{
					ProductGroup = 954B140C19C4FBE3008FE21B /* Products */;
					ProjectRef = 954B140B19C4FBE3008FE21B /* libpd.xcodeproj */;
				},
			);
			projectRoot = "";
			targets = (
				954B13D819C4F912008FE21B /* Microtonal Tones Generator */,
				954B13F319C4F912008FE21B /* Microtonal Tones GeneratorTests */,
			);
		};
/* End PBXProject section */

/* Begin PBXReferenceProxy section */
		954B141119C4FBE3008FE21B /* libpd-ios.a */ = {
			isa = PBXReferenceProxy;
			fileType = archive.ar;
			path = "libpd-ios.a";
			remoteRef = 954B141019C4FBE3008FE21B /* PBXContainerItemProxy */;
			sourceTree = BUILT_PRODUCTS_DIR;
		};
		954B141319C4FBE3008FE21B /* libpd-osx.a */ = {
			isa = PBXReferenceProxy;
			fileType = archive.ar;
			path = "libpd-osx.a";
			remoteRef = 954B141219C4FBE3008FE21B /* PBXContainerItemProxy */;
			sourceTree = BUILT_PRODUCTS_DIR;
		};
/* End PBXReferenceProxy section */

/* Begin PBXResourcesBuildPhase section */
		954B13D719C4F912008FE21B /* Resources */ = {
			isa = PBXResourcesBuildPhase;
			buildActionMask = 2147483647;
			files = (
				954B142419C4FF9B008FE21B /* tuner.pd in Resources */,
				95142BDC19C87D1D00CFCD8E /* KeyNote2.pd in Resources */,
				951058A519C59D74008F5F76 /* menu@2x.png in Resources */,
				951058A719C5A200008F5F76 /* nav_bg.png in Resources */,
				95B581B819C61009007E9510 /* KeyNote.pd in Resources */,
				954B142619C59786008FE21B /* Main.storyboard in Resources */,
				951058A419C59D74008F5F76 /* menu.png in Resources */,
				954B13E719C4F912008FE21B /* InfoPlist.strings in Resources */,
				954B13EF19C4F912008FE21B /* Images.xcassets in Resources */,
			);
			runOnlyForDeploymentPostprocessing = 0;
		};
		954B13F219C4F912008FE21B /* Resources */ = {
			isa = PBXResourcesBuildPhase;
			buildActionMask = 2147483647;
			files = (
				954B140019C4F913008FE21B /* InfoPlist.strings in Resources */,
			);
			runOnlyForDeploymentPostprocessing = 0;
		};
/* End PBXResourcesBuildPhase section */

/* Begin PBXSourcesBuildPhase section */
		954B13D519C4F912008FE21B /* Sources */ = {
			isa = PBXSourcesBuildPhase;
			buildActionMask = 2147483647;
			files = (
				951058BB19C5A9CB008F5F76 /* SWRevealViewController.m in Sources */,
				954B142F19C59977008FE21B /* MTGSettingsViewController.m in Sources */,
				954B13E919C4F912008FE21B /* main.m in Sources */,
				954B141E19C4FCB6008FE21B /* MTGViewController.m in Sources */,
				951058BE19C5AA93008F5F76 /* MTGSavedStatesTableViewController.m in Sources */,
				954B143219C59ABE008FE21B /* MTGSidebarTableViewController.m in Sources */,
				954B13ED19C4F912008FE21B /* MTGAppDelegate.m in Sources */,
				951058A019C59BA7008F5F76 /* MTGLoadTableViewController.m in Sources */,
				951058C319C5C641008F5F76 /* MTGNoteKey.m in Sources */,
			);
			runOnlyForDeploymentPostprocessing = 0;
		};
		954B13F019C4F912008FE21B /* Sources */ = {
			isa = PBXSourcesBuildPhase;
			buildActionMask = 2147483647;
			files = (
				954B140219C4F913008FE21B /* Microtonal_Tones_GeneratorTests.m in Sources */,
			);
			runOnlyForDeploymentPostprocessing = 0;
		};
/* End PBXSourcesBuildPhase section */

/* Begin PBXTargetDependency section */
		954B13FA19C4F913008FE21B /* PBXTargetDependency */ = {
			isa = PBXTargetDependency;
			target = 954B13D819C4F912008FE21B /* Microtonal Tones Generator */;
			targetProxy = 954B13F919C4F913008FE21B /* PBXContainerItemProxy */;
		};
		954B141519C4FC6E008FE21B /* PBXTargetDependency */ = {
			isa = PBXTargetDependency;
			name = "libpd-ios";
			targetProxy = 954B141419C4FC6E008FE21B /* PBXContainerItemProxy */;
		};
/* End PBXTargetDependency section */

/* Begin PBXVariantGroup section */
		954B13E519C4F912008FE21B /* InfoPlist.strings */ = {
			isa = PBXVariantGroup;
			children = (
				954B13E619C4F912008FE21B /* en */,
			);
			name = InfoPlist.strings;
			sourceTree = "<group>";
		};
		954B13FE19C4F913008FE21B /* InfoPlist.strings */ = {
			isa = PBXVariantGroup;
			children = (
				954B13FF19C4F913008FE21B /* en */,
			);
			name = InfoPlist.strings;
			sourceTree = "<group>";
		};
/* End PBXVariantGroup section */

/* Begin XCBuildConfiguration section */
		954B140319C4F913008FE21B /* Debug */ = {
			isa = XCBuildConfiguration;
			buildSettings = {
				ALWAYS_SEARCH_USER_PATHS = NO;
				CLANG_CXX_LANGUAGE_STANDARD = "gnu++0x";
				CLANG_CXX_LIBRARY = "libc++";
				CLANG_ENABLE_MODULES = YES;
				CLANG_ENABLE_OBJC_ARC = YES;
				CLANG_WARN_BOOL_CONVERSION = YES;
				CLANG_WARN_CONSTANT_CONVERSION = YES;
				CLANG_WARN_DIRECT_OBJC_ISA_USAGE = YES_ERROR;
				CLANG_WARN_EMPTY_BODY = YES;
				CLANG_WARN_ENUM_CONVERSION = YES;
				CLANG_WARN_INT_CONVERSION = YES;
				CLANG_WARN_OBJC_ROOT_CLASS = YES_ERROR;
				CLANG_WARN__DUPLICATE_METHOD_MATCH = YES;
				"CODE_SIGN_IDENTITY[sdk=iphoneos*]" = "iPhone Developer";
				COPY_PHASE_STRIP = NO;
				GCC_C_LANGUAGE_STANDARD = gnu99;
				GCC_DYNAMIC_NO_PIC = NO;
				GCC_OPTIMIZATION_LEVEL = 0;
				GCC_PREPROCESSOR_DEFINITIONS = (
					"DEBUG=1",
					"$(inherited)",
				);
				GCC_SYMBOLS_PRIVATE_EXTERN = NO;
				GCC_WARN_64_TO_32_BIT_CONVERSION = YES;
				GCC_WARN_ABOUT_RETURN_TYPE = YES_ERROR;
				GCC_WARN_UNDECLARED_SELECTOR = YES;
				GCC_WARN_UNINITIALIZED_AUTOS = YES_AGGRESSIVE;
				GCC_WARN_UNUSED_FUNCTION = YES;
				GCC_WARN_UNUSED_VARIABLE = YES;
				IPHONEOS_DEPLOYMENT_TARGET = 7.1;
				ONLY_ACTIVE_ARCH = YES;
				SDKROOT = iphoneos;
				TARGETED_DEVICE_FAMILY = 2;
			};
			name = Debug;
		};
		954B140419C4F913008FE21B /* Release */ = {
			isa = XCBuildConfiguration;
			buildSettings = {
				ALWAYS_SEARCH_USER_PATHS = NO;
				CLANG_CXX_LANGUAGE_STANDARD = "gnu++0x";
				CLANG_CXX_LIBRARY = "libc++";
				CLANG_ENABLE_MODULES = YES;
				CLANG_ENABLE_OBJC_ARC = YES;
				CLANG_WARN_BOOL_CONVERSION = YES;
				CLANG_WARN_CONSTANT_CONVERSION = YES;
				CLANG_WARN_DIRECT_OBJC_ISA_USAGE = YES_ERROR;
				CLANG_WARN_EMPTY_BODY = YES;
				CLANG_WARN_ENUM_CONVERSION = YES;
				CLANG_WARN_INT_CONVERSION = YES;
				CLANG_WARN_OBJC_ROOT_CLASS = YES_ERROR;
				CLANG_WARN__DUPLICATE_METHOD_MATCH = YES;
				"CODE_SIGN_IDENTITY[sdk=iphoneos*]" = "iPhone Developer";
				COPY_PHASE_STRIP = YES;
				ENABLE_NS_ASSERTIONS = NO;
				GCC_C_LANGUAGE_STANDARD = gnu99;
				GCC_WARN_64_TO_32_BIT_CONVERSION = YES;
				GCC_WARN_ABOUT_RETURN_TYPE = YES_ERROR;
				GCC_WARN_UNDECLARED_SELECTOR = YES;
				GCC_WARN_UNINITIALIZED_AUTOS = YES_AGGRESSIVE;
				GCC_WARN_UNUSED_FUNCTION = YES;
				GCC_WARN_UNUSED_VARIABLE = YES;
				IPHONEOS_DEPLOYMENT_TARGET = 7.1;
				SDKROOT = iphoneos;
				TARGETED_DEVICE_FAMILY = 2;
				VALIDATE_PRODUCT = YES;
			};
			name = Release;
		};
		954B140619C4F913008FE21B /* Debug */ = {
			isa = XCBuildConfiguration;
			buildSettings = {
				ASSETCATALOG_COMPILER_APPICON_NAME = AppIcon;
				ASSETCATALOG_COMPILER_LAUNCHIMAGE_NAME = LaunchImage;
				GCC_PRECOMPILE_PREFIX_HEADER = YES;
				GCC_PREFIX_HEADER = "Microtonal Tones Generator/Microtonal Tones Generator-Prefix.pch";
				INFOPLIST_FILE = "Microtonal Tones Generator/Microtonal Tones Generator-Info.plist";
				PRODUCT_NAME = "$(TARGET_NAME)";
				USER_HEADER_SEARCH_PATHS = "$(SRCROOT)/../../libpd/**";
				WRAPPER_EXTENSION = app;
			};
			name = Debug;
		};
		954B140719C4F913008FE21B /* Release */ = {
			isa = XCBuildConfiguration;
			buildSettings = {
				ASSETCATALOG_COMPILER_APPICON_NAME = AppIcon;
				ASSETCATALOG_COMPILER_LAUNCHIMAGE_NAME = LaunchImage;
				GCC_PRECOMPILE_PREFIX_HEADER = YES;
				GCC_PREFIX_HEADER = "Microtonal Tones Generator/Microtonal Tones Generator-Prefix.pch";
				INFOPLIST_FILE = "Microtonal Tones Generator/Microtonal Tones Generator-Info.plist";
				PRODUCT_NAME = "$(TARGET_NAME)";
				USER_HEADER_SEARCH_PATHS = "$(SRCROOT)/../../libpd/**";
				WRAPPER_EXTENSION = app;
			};
			name = Release;
		};
		954B140919C4F913008FE21B /* Debug */ = {
			isa = XCBuildConfiguration;
			buildSettings = {
				BUNDLE_LOADER = "$(BUILT_PRODUCTS_DIR)/Microtonal Tones Generator.app/Microtonal Tones Generator";
				FRAMEWORK_SEARCH_PATHS = (
					"$(SDKROOT)/Developer/Library/Frameworks",
					"$(inherited)",
					"$(DEVELOPER_FRAMEWORKS_DIR)",
				);
				GCC_PRECOMPILE_PREFIX_HEADER = YES;
				GCC_PREFIX_HEADER = "Microtonal Tones Generator/Microtonal Tones Generator-Prefix.pch";
				GCC_PREPROCESSOR_DEFINITIONS = (
					"DEBUG=1",
					"$(inherited)",
				);
				INFOPLIST_FILE = "Microtonal Tones GeneratorTests/Microtonal Tones GeneratorTests-Info.plist";
				PRODUCT_NAME = "$(TARGET_NAME)";
				TEST_HOST = "$(BUNDLE_LOADER)";
				WRAPPER_EXTENSION = xctest;
			};
			name = Debug;
		};
		954B140A19C4F913008FE21B /* Release */ = {
			isa = XCBuildConfiguration;
			buildSettings = {
				BUNDLE_LOADER = "$(BUILT_PRODUCTS_DIR)/Microtonal Tones Generator.app/Microtonal Tones Generator";
				FRAMEWORK_SEARCH_PATHS = (
					"$(SDKROOT)/Developer/Library/Frameworks",
					"$(inherited)",
					"$(DEVELOPER_FRAMEWORKS_DIR)",
				);
				GCC_PRECOMPILE_PREFIX_HEADER = YES;
				GCC_PREFIX_HEADER = "Microtonal Tones Generator/Microtonal Tones Generator-Prefix.pch";
				INFOPLIST_FILE = "Microtonal Tones GeneratorTests/Microtonal Tones GeneratorTests-Info.plist";
				PRODUCT_NAME = "$(TARGET_NAME)";
				TEST_HOST = "$(BUNDLE_LOADER)";
				WRAPPER_EXTENSION = xctest;
			};
			name = Release;
		};
/* End XCBuildConfiguration section */

/* Begin XCConfigurationList section */
		954B13D419C4F912008FE21B /* Build configuration list for PBXProject "Microtonal Tones Generator" */ = {
			isa = XCConfigurationList;
			buildConfigurations = (
				954B140319C4F913008FE21B /* Debug */,
				954B140419C4F913008FE21B /* Release */,
			);
			defaultConfigurationIsVisible = 0;
			defaultConfigurationName = Release;
		};
		954B140519C4F913008FE21B /* Build configuration list for PBXNativeTarget "Microtonal Tones Generator" */ = {
			isa = XCConfigurationList;
			buildConfigurations = (
				954B140619C4F913008FE21B /* Debug */,
				954B140719C4F913008FE21B /* Release */,
			);
			defaultConfigurationIsVisible = 0;
			defaultConfigurationName = Release;
		};
		954B140819C4F913008FE21B /* Build configuration list for PBXNativeTarget "Microtonal Tones GeneratorTests" */ = {
			isa = XCConfigurationList;
			buildConfigurations = (
				954B140919C4F913008FE21B /* Debug */,
				954B140A19C4F913008FE21B /* Release */,
			);
			defaultConfigurationIsVisible = 0;
			defaultConfigurationName = Release;
		};
/* End XCConfigurationList section */
	};
	rootObject = 954B13D119C4F912008FE21B /* Project object */;
}
